// !$*UTF8*$!
{
	archiveVersion = 1;
	classes = {
	};
	objectVersion = 46;
	objects = {

/* Begin PBXBuildFile section */
		559766F81E31533D00C4DE0C /* Registration2ViewController.swift in Sources */ = {isa = PBXBuildFile; fileRef = 559766F71E31533D00C4DE0C /* Registration2ViewController.swift */; };
		55A327011E2EE34B007B725E /* RegistrationViewController.swift in Sources */ = {isa = PBXBuildFile; fileRef = 55A327001E2EE34B007B725E /* RegistrationViewController.swift */; };
		9709067B1DF6B93400C68561 /* ClassListViewController.swift in Sources */ = {isa = PBXBuildFile; fileRef = 9709067A1DF6B93400C68561 /* ClassListViewController.swift */; };
		9709067D1DF6BAF500C68561 /* ClassTableViewCell.swift in Sources */ = {isa = PBXBuildFile; fileRef = 9709067C1DF6BAF500C68561 /* ClassTableViewCell.swift */; };
		971400ED1DF527D60099A8DB /* AppDelegate.swift in Sources */ = {isa = PBXBuildFile; fileRef = 971400EC1DF527D60099A8DB /* AppDelegate.swift */; };
		971400EF1DF527D60099A8DB /* ViewController.swift in Sources */ = {isa = PBXBuildFile; fileRef = 971400EE1DF527D60099A8DB /* ViewController.swift */; };
		971400F21DF527D60099A8DB /* Main.storyboard in Resources */ = {isa = PBXBuildFile; fileRef = 971400F01DF527D60099A8DB /* Main.storyboard */; };
		971400F41DF527D60099A8DB /* Assets.xcassets in Resources */ = {isa = PBXBuildFile; fileRef = 971400F31DF527D60099A8DB /* Assets.xcassets */; };
		971400F71DF527D60099A8DB /* LaunchScreen.storyboard in Resources */ = {isa = PBXBuildFile; fileRef = 971400F51DF527D60099A8DB /* LaunchScreen.storyboard */; };
		971401021DF527D60099A8DB /* TuberTests.swift in Sources */ = {isa = PBXBuildFile; fileRef = 971401011DF527D60099A8DB /* TuberTests.swift */; };
		9714010D1DF527D60099A8DB /* TuberUITests.swift in Sources */ = {isa = PBXBuildFile; fileRef = 9714010C1DF527D60099A8DB /* TuberUITests.swift */; };
		9714011B1DF528490099A8DB /* LoginViewController.swift in Sources */ = {isa = PBXBuildFile; fileRef = 9714011A1DF528490099A8DB /* LoginViewController.swift */; };
		9714011D1DF52C130099A8DB /* ScheduleTutorViewController.swift in Sources */ = {isa = PBXBuildFile; fileRef = 9714011C1DF52C130099A8DB /* ScheduleTutorViewController.swift */; };
		9714011F1DF52DB20099A8DB /* ScheduleTutorConfirmViewController.swift in Sources */ = {isa = PBXBuildFile; fileRef = 9714011E1DF52DB20099A8DB /* ScheduleTutorConfirmViewController.swift */; };
		97B8E0061DF560AF001EEC79 /* Bolts.framework in Frameworks */ = {isa = PBXBuildFile; fileRef = 97B8E0041DF560AE001EEC79 /* Bolts.framework */; };
		97B8E0071DF560AF001EEC79 /* Parse.framework in Frameworks */ = {isa = PBXBuildFile; fileRef = 97B8E0051DF560AF001EEC79 /* Parse.framework */; };
		97B8E00A1DF5632D001EEC79 /* AudioToolbox.framework in Frameworks */ = {isa = PBXBuildFile; fileRef = 97B8E0091DF5632D001EEC79 /* AudioToolbox.framework */; };
		97B8E00C1DF56345001EEC79 /* CFNetwork.framework in Frameworks */ = {isa = PBXBuildFile; fileRef = 97B8E00B1DF56345001EEC79 /* CFNetwork.framework */; };
		97B8E00E1DF5634D001EEC79 /* CoreGraphics.framework in Frameworks */ = {isa = PBXBuildFile; fileRef = 97B8E00D1DF5634D001EEC79 /* CoreGraphics.framework */; };
		97B8E0101DF56364001EEC79 /* MobileCoreServices.framework in Frameworks */ = {isa = PBXBuildFile; fileRef = 97B8E00F1DF56364001EEC79 /* MobileCoreServices.framework */; };
		97B8E0121DF56376001EEC79 /* CoreLocation.framework in Frameworks */ = {isa = PBXBuildFile; fileRef = 97B8E0111DF56376001EEC79 /* CoreLocation.framework */; };
		97B8E0141DF5637F001EEC79 /* QuartzCore.framework in Frameworks */ = {isa = PBXBuildFile; fileRef = 97B8E0131DF5637F001EEC79 /* QuartzCore.framework */; };
		97B8E0161DF56388001EEC79 /* Security.framework in Frameworks */ = {isa = PBXBuildFile; fileRef = 97B8E0151DF56388001EEC79 /* Security.framework */; };
		97B8E0181DF56391001EEC79 /* StoreKit.framework in Frameworks */ = {isa = PBXBuildFile; fileRef = 97B8E0171DF56391001EEC79 /* StoreKit.framework */; };
		97B8E01A1DF56398001EEC79 /* SystemConfiguration.framework in Frameworks */ = {isa = PBXBuildFile; fileRef = 97B8E0191DF56398001EEC79 /* SystemConfiguration.framework */; };
		97B8E01C1DF563A3001EEC79 /* libsqlite3.tbd in Frameworks */ = {isa = PBXBuildFile; fileRef = 97B8E01B1DF563A3001EEC79 /* libsqlite3.tbd */; };
		97B8E01E1DF563A9001EEC79 /* libz.tbd in Frameworks */ = {isa = PBXBuildFile; fileRef = 97B8E01D1DF563A9001EEC79 /* libz.tbd */; };
		97D6B3D41DF7EC9C0093479E /* ClassOptionsTableViewCell.swift in Sources */ = {isa = PBXBuildFile; fileRef = 97D6B3D31DF7EC9C0093479E /* ClassOptionsTableViewCell.swift */; };
		97D6B3D61DF7ECF10093479E /* ClassOptionsViewController.swift in Sources */ = {isa = PBXBuildFile; fileRef = 97D6B3D51DF7ECF10093479E /* ClassOptionsViewController.swift */; };
		97D6B3D81DF801630093479E /* TutorServicesViewController.swift in Sources */ = {isa = PBXBuildFile; fileRef = 97D6B3D71DF801630093479E /* TutorServicesViewController.swift */; };
		97D6B3DA1DF80BDA0093479E /* TutorServicesTableViewCell.swift in Sources */ = {isa = PBXBuildFile; fileRef = 97D6B3D91DF80BDA0093479E /* TutorServicesTableViewCell.swift */; };
		97EEACC71DF8FDDC007F23B1 /* OfferTutorTableViewController.swift in Sources */ = {isa = PBXBuildFile; fileRef = 97EEACC61DF8FDDC007F23B1 /* OfferTutorTableViewController.swift */; };
		97EEACCB1DF902B5007F23B1 /* TutorViewScheduleTableViewCell.swift in Sources */ = {isa = PBXBuildFile; fileRef = 97EEACCA1DF902B5007F23B1 /* TutorViewScheduleTableViewCell.swift */; };
		97EEACCD1DF902CD007F23B1 /* TutorViewScheduleTableViewController.swift in Sources */ = {isa = PBXBuildFile; fileRef = 97EEACCC1DF902CD007F23B1 /* TutorViewScheduleTableViewController.swift */; };
		97EEACCF1DF90825007F23B1 /* ConfirmedAppointmentTutorViewController.swift in Sources */ = {isa = PBXBuildFile; fileRef = 97EEACCE1DF90825007F23B1 /* ConfirmedAppointmentTutorViewController.swift */; };
		97EEACD11DF908DE007F23B1 /* UnconfirmedAppointmentTutorViewController.swift in Sources */ = {isa = PBXBuildFile; fileRef = 97EEACD01DF908DE007F23B1 /* UnconfirmedAppointmentTutorViewController.swift */; };
/* End PBXBuildFile section */

/* Begin PBXContainerItemProxy section */
		971400FE1DF527D60099A8DB /* PBXContainerItemProxy */ = {
			isa = PBXContainerItemProxy;
			containerPortal = 971400E11DF527D60099A8DB /* Project object */;
			proxyType = 1;
			remoteGlobalIDString = 971400E81DF527D60099A8DB;
			remoteInfo = Tuber;
		};
		971401091DF527D60099A8DB /* PBXContainerItemProxy */ = {
			isa = PBXContainerItemProxy;
			containerPortal = 971400E11DF527D60099A8DB /* Project object */;
			proxyType = 1;
			remoteGlobalIDString = 971400E81DF527D60099A8DB;
			remoteInfo = Tuber;
		};
/* End PBXContainerItemProxy section */

/* Begin PBXFileReference section */
		559766F71E31533D00C4DE0C /* Registration2ViewController.swift */ = {isa = PBXFileReference; fileEncoding = 4; lastKnownFileType = sourcecode.swift; path = Registration2ViewController.swift; sourceTree = "<group>"; };
		55A327001E2EE34B007B725E /* RegistrationViewController.swift */ = {isa = PBXFileReference; fileEncoding = 4; lastKnownFileType = sourcecode.swift; path = RegistrationViewController.swift; sourceTree = "<group>"; };
		9709067A1DF6B93400C68561 /* ClassListViewController.swift */ = {isa = PBXFileReference; fileEncoding = 4; lastKnownFileType = sourcecode.swift; path = ClassListViewController.swift; sourceTree = "<group>"; };
		9709067C1DF6BAF500C68561 /* ClassTableViewCell.swift */ = {isa = PBXFileReference; fileEncoding = 4; lastKnownFileType = sourcecode.swift; path = ClassTableViewCell.swift; sourceTree = "<group>"; };
		971400E91DF527D60099A8DB /* Tuber.app */ = {isa = PBXFileReference; explicitFileType = wrapper.application; includeInIndex = 0; path = Tuber.app; sourceTree = BUILT_PRODUCTS_DIR; };
		971400EC1DF527D60099A8DB /* AppDelegate.swift */ = {isa = PBXFileReference; lastKnownFileType = sourcecode.swift; path = AppDelegate.swift; sourceTree = "<group>"; };
		971400EE1DF527D60099A8DB /* ViewController.swift */ = {isa = PBXFileReference; lastKnownFileType = sourcecode.swift; path = ViewController.swift; sourceTree = "<group>"; };
		971400F11DF527D60099A8DB /* Base */ = {isa = PBXFileReference; lastKnownFileType = file.storyboard; name = Base; path = Base.lproj/Main.storyboard; sourceTree = "<group>"; };
		971400F31DF527D60099A8DB /* Assets.xcassets */ = {isa = PBXFileReference; lastKnownFileType = folder.assetcatalog; path = Assets.xcassets; sourceTree = "<group>"; };
		971400F61DF527D60099A8DB /* Base */ = {isa = PBXFileReference; lastKnownFileType = file.storyboard; name = Base; path = Base.lproj/LaunchScreen.storyboard; sourceTree = "<group>"; };
		971400F81DF527D60099A8DB /* Info.plist */ = {isa = PBXFileReference; lastKnownFileType = text.plist.xml; path = Info.plist; sourceTree = "<group>"; };
		971400FD1DF527D60099A8DB /* TuberTests.xctest */ = {isa = PBXFileReference; explicitFileType = wrapper.cfbundle; includeInIndex = 0; path = TuberTests.xctest; sourceTree = BUILT_PRODUCTS_DIR; };
		971401011DF527D60099A8DB /* TuberTests.swift */ = {isa = PBXFileReference; lastKnownFileType = sourcecode.swift; path = TuberTests.swift; sourceTree = "<group>"; };
		971401031DF527D60099A8DB /* Info.plist */ = {isa = PBXFileReference; lastKnownFileType = text.plist.xml; path = Info.plist; sourceTree = "<group>"; };
		971401081DF527D60099A8DB /* TuberUITests.xctest */ = {isa = PBXFileReference; explicitFileType = wrapper.cfbundle; includeInIndex = 0; path = TuberUITests.xctest; sourceTree = BUILT_PRODUCTS_DIR; };
		9714010C1DF527D60099A8DB /* TuberUITests.swift */ = {isa = PBXFileReference; lastKnownFileType = sourcecode.swift; path = TuberUITests.swift; sourceTree = "<group>"; };
		9714010E1DF527D60099A8DB /* Info.plist */ = {isa = PBXFileReference; lastKnownFileType = text.plist.xml; path = Info.plist; sourceTree = "<group>"; };
		9714011A1DF528490099A8DB /* LoginViewController.swift */ = {isa = PBXFileReference; fileEncoding = 4; lastKnownFileType = sourcecode.swift; path = LoginViewController.swift; sourceTree = "<group>"; };
		9714011C1DF52C130099A8DB /* ScheduleTutorViewController.swift */ = {isa = PBXFileReference; fileEncoding = 4; lastKnownFileType = sourcecode.swift; path = ScheduleTutorViewController.swift; sourceTree = "<group>"; };
		9714011E1DF52DB20099A8DB /* ScheduleTutorConfirmViewController.swift */ = {isa = PBXFileReference; fileEncoding = 4; lastKnownFileType = sourcecode.swift; path = ScheduleTutorConfirmViewController.swift; sourceTree = "<group>"; };
		97B8E0041DF560AE001EEC79 /* Bolts.framework */ = {isa = PBXFileReference; lastKnownFileType = wrapper.framework; path = Bolts.framework; sourceTree = "<group>"; };
		97B8E0051DF560AF001EEC79 /* Parse.framework */ = {isa = PBXFileReference; lastKnownFileType = wrapper.framework; path = Parse.framework; sourceTree = "<group>"; };
		97B8E0091DF5632D001EEC79 /* AudioToolbox.framework */ = {isa = PBXFileReference; lastKnownFileType = wrapper.framework; name = AudioToolbox.framework; path = System/Library/Frameworks/AudioToolbox.framework; sourceTree = SDKROOT; };
		97B8E00B1DF56345001EEC79 /* CFNetwork.framework */ = {isa = PBXFileReference; lastKnownFileType = wrapper.framework; name = CFNetwork.framework; path = System/Library/Frameworks/CFNetwork.framework; sourceTree = SDKROOT; };
		97B8E00D1DF5634D001EEC79 /* CoreGraphics.framework */ = {isa = PBXFileReference; lastKnownFileType = wrapper.framework; name = CoreGraphics.framework; path = System/Library/Frameworks/CoreGraphics.framework; sourceTree = SDKROOT; };
		97B8E00F1DF56364001EEC79 /* MobileCoreServices.framework */ = {isa = PBXFileReference; lastKnownFileType = wrapper.framework; name = MobileCoreServices.framework; path = System/Library/Frameworks/MobileCoreServices.framework; sourceTree = SDKROOT; };
		97B8E0111DF56376001EEC79 /* CoreLocation.framework */ = {isa = PBXFileReference; lastKnownFileType = wrapper.framework; name = CoreLocation.framework; path = System/Library/Frameworks/CoreLocation.framework; sourceTree = SDKROOT; };
		97B8E0131DF5637F001EEC79 /* QuartzCore.framework */ = {isa = PBXFileReference; lastKnownFileType = wrapper.framework; name = QuartzCore.framework; path = System/Library/Frameworks/QuartzCore.framework; sourceTree = SDKROOT; };
		97B8E0151DF56388001EEC79 /* Security.framework */ = {isa = PBXFileReference; lastKnownFileType = wrapper.framework; name = Security.framework; path = System/Library/Frameworks/Security.framework; sourceTree = SDKROOT; };
		97B8E0171DF56391001EEC79 /* StoreKit.framework */ = {isa = PBXFileReference; lastKnownFileType = wrapper.framework; name = StoreKit.framework; path = System/Library/Frameworks/StoreKit.framework; sourceTree = SDKROOT; };
		97B8E0191DF56398001EEC79 /* SystemConfiguration.framework */ = {isa = PBXFileReference; lastKnownFileType = wrapper.framework; name = SystemConfiguration.framework; path = System/Library/Frameworks/SystemConfiguration.framework; sourceTree = SDKROOT; };
		97B8E01B1DF563A3001EEC79 /* libsqlite3.tbd */ = {isa = PBXFileReference; lastKnownFileType = "sourcecode.text-based-dylib-definition"; name = libsqlite3.tbd; path = usr/lib/libsqlite3.tbd; sourceTree = SDKROOT; };
		97B8E01D1DF563A9001EEC79 /* libz.tbd */ = {isa = PBXFileReference; lastKnownFileType = "sourcecode.text-based-dylib-definition"; name = libz.tbd; path = usr/lib/libz.tbd; sourceTree = SDKROOT; };
		97D6B3D31DF7EC9C0093479E /* ClassOptionsTableViewCell.swift */ = {isa = PBXFileReference; fileEncoding = 4; lastKnownFileType = sourcecode.swift; path = ClassOptionsTableViewCell.swift; sourceTree = "<group>"; };
		97D6B3D51DF7ECF10093479E /* ClassOptionsViewController.swift */ = {isa = PBXFileReference; fileEncoding = 4; lastKnownFileType = sourcecode.swift; path = ClassOptionsViewController.swift; sourceTree = "<group>"; };
		97D6B3D71DF801630093479E /* TutorServicesViewController.swift */ = {isa = PBXFileReference; fileEncoding = 4; lastKnownFileType = sourcecode.swift; path = TutorServicesViewController.swift; sourceTree = "<group>"; };
		97D6B3D91DF80BDA0093479E /* TutorServicesTableViewCell.swift */ = {isa = PBXFileReference; fileEncoding = 4; lastKnownFileType = sourcecode.swift; path = TutorServicesTableViewCell.swift; sourceTree = "<group>"; };
		97EEACC61DF8FDDC007F23B1 /* OfferTutorTableViewController.swift */ = {isa = PBXFileReference; fileEncoding = 4; lastKnownFileType = sourcecode.swift; path = OfferTutorTableViewController.swift; sourceTree = "<group>"; };
		97EEACCA1DF902B5007F23B1 /* TutorViewScheduleTableViewCell.swift */ = {isa = PBXFileReference; fileEncoding = 4; lastKnownFileType = sourcecode.swift; path = TutorViewScheduleTableViewCell.swift; sourceTree = "<group>"; };
		97EEACCC1DF902CD007F23B1 /* TutorViewScheduleTableViewController.swift */ = {isa = PBXFileReference; fileEncoding = 4; lastKnownFileType = sourcecode.swift; path = TutorViewScheduleTableViewController.swift; sourceTree = "<group>"; };
		97EEACCE1DF90825007F23B1 /* ConfirmedAppointmentTutorViewController.swift */ = {isa = PBXFileReference; fileEncoding = 4; lastKnownFileType = sourcecode.swift; path = ConfirmedAppointmentTutorViewController.swift; sourceTree = "<group>"; };
		97EEACD01DF908DE007F23B1 /* UnconfirmedAppointmentTutorViewController.swift */ = {isa = PBXFileReference; fileEncoding = 4; lastKnownFileType = sourcecode.swift; path = UnconfirmedAppointmentTutorViewController.swift; sourceTree = "<group>"; };
/* End PBXFileReference section */

/* Begin PBXFrameworksBuildPhase section */
		971400E61DF527D60099A8DB /* Frameworks */ = {
			isa = PBXFrameworksBuildPhase;
			buildActionMask = 2147483647;
			files = (
				97B8E01E1DF563A9001EEC79 /* libz.tbd in Frameworks */,
				97B8E01C1DF563A3001EEC79 /* libsqlite3.tbd in Frameworks */,
				97B8E01A1DF56398001EEC79 /* SystemConfiguration.framework in Frameworks */,
				97B8E0181DF56391001EEC79 /* StoreKit.framework in Frameworks */,
				97B8E0161DF56388001EEC79 /* Security.framework in Frameworks */,
				97B8E0141DF5637F001EEC79 /* QuartzCore.framework in Frameworks */,
				97B8E0121DF56376001EEC79 /* CoreLocation.framework in Frameworks */,
				97B8E00E1DF5634D001EEC79 /* CoreGraphics.framework in Frameworks */,
				97B8E0101DF56364001EEC79 /* MobileCoreServices.framework in Frameworks */,
				97B8E00C1DF56345001EEC79 /* CFNetwork.framework in Frameworks */,
				97B8E00A1DF5632D001EEC79 /* AudioToolbox.framework in Frameworks */,
				97B8E0071DF560AF001EEC79 /* Parse.framework in Frameworks */,
				97B8E0061DF560AF001EEC79 /* Bolts.framework in Frameworks */,
			);
			runOnlyForDeploymentPostprocessing = 0;
		};
		971400FA1DF527D60099A8DB /* Frameworks */ = {
			isa = PBXFrameworksBuildPhase;
			buildActionMask = 2147483647;
			files = (
			);
			runOnlyForDeploymentPostprocessing = 0;
		};
		971401051DF527D60099A8DB /* Frameworks */ = {
			isa = PBXFrameworksBuildPhase;
			buildActionMask = 2147483647;
			files = (
			);
			runOnlyForDeploymentPostprocessing = 0;
		};
/* End PBXFrameworksBuildPhase section */

/* Begin PBXGroup section */
		971400E01DF527D60099A8DB = {
			isa = PBXGroup;
			children = (
				971400EB1DF527D60099A8DB /* Tuber */,
				971401001DF527D60099A8DB /* TuberTests */,
				9714010B1DF527D60099A8DB /* TuberUITests */,
				971400EA1DF527D60099A8DB /* Products */,
				97B8E0081DF5632D001EEC79 /* Frameworks */,
			);
			sourceTree = "<group>";
		};
		971400EA1DF527D60099A8DB /* Products */ = {
			isa = PBXGroup;
			children = (
				971400E91DF527D60099A8DB /* Tuber.app */,
				971400FD1DF527D60099A8DB /* TuberTests.xctest */,
				971401081DF527D60099A8DB /* TuberUITests.xctest */,
			);
			name = Products;
			sourceTree = "<group>";
		};
		971400EB1DF527D60099A8DB /* Tuber */ = {
			isa = PBXGroup;
			children = (
				971400EC1DF527D60099A8DB /* AppDelegate.swift */,
				971400EE1DF527D60099A8DB /* ViewController.swift */,
				971400F01DF527D60099A8DB /* Main.storyboard */,
				971400F31DF527D60099A8DB /* Assets.xcassets */,
				971400F51DF527D60099A8DB /* LaunchScreen.storyboard */,
				971400F81DF527D60099A8DB /* Info.plist */,
				9714011A1DF528490099A8DB /* LoginViewController.swift */,
				55A327001E2EE34B007B725E /* RegistrationViewController.swift */,
				559766F71E31533D00C4DE0C /* Registration2ViewController.swift */,
				9714011C1DF52C130099A8DB /* ScheduleTutorViewController.swift */,
				9714011E1DF52DB20099A8DB /* ScheduleTutorConfirmViewController.swift */,
				9709067A1DF6B93400C68561 /* ClassListViewController.swift */,
				9709067C1DF6BAF500C68561 /* ClassTableViewCell.swift */,
				97D6B3D51DF7ECF10093479E /* ClassOptionsViewController.swift */,
				97D6B3D31DF7EC9C0093479E /* ClassOptionsTableViewCell.swift */,
				97D6B3D71DF801630093479E /* TutorServicesViewController.swift */,
				97D6B3D91DF80BDA0093479E /* TutorServicesTableViewCell.swift */,
				97EEACC61DF8FDDC007F23B1 /* OfferTutorTableViewController.swift */,
				97EEACCC1DF902CD007F23B1 /* TutorViewScheduleTableViewController.swift */,
				97EEACCA1DF902B5007F23B1 /* TutorViewScheduleTableViewCell.swift */,
				97EEACCE1DF90825007F23B1 /* ConfirmedAppointmentTutorViewController.swift */,
				97EEACD01DF908DE007F23B1 /* UnconfirmedAppointmentTutorViewController.swift */,
			);
			path = Tuber;
			sourceTree = "<group>";
		};
		971401001DF527D60099A8DB /* TuberTests */ = {
			isa = PBXGroup;
			children = (
				971401011DF527D60099A8DB /* TuberTests.swift */,
				971401031DF527D60099A8DB /* Info.plist */,
			);
			path = TuberTests;
			sourceTree = "<group>";
		};
		9714010B1DF527D60099A8DB /* TuberUITests */ = {
			isa = PBXGroup;
			children = (
				9714010C1DF527D60099A8DB /* TuberUITests.swift */,
				9714010E1DF527D60099A8DB /* Info.plist */,
			);
			path = TuberUITests;
			sourceTree = "<group>";
		};
		97B8E0081DF5632D001EEC79 /* Frameworks */ = {
			isa = PBXGroup;
			children = (
				97B8E0041DF560AE001EEC79 /* Bolts.framework */,
				97B8E0051DF560AF001EEC79 /* Parse.framework */,
				97B8E01D1DF563A9001EEC79 /* libz.tbd */,
				97B8E01B1DF563A3001EEC79 /* libsqlite3.tbd */,
				97B8E0191DF56398001EEC79 /* SystemConfiguration.framework */,
				97B8E0171DF56391001EEC79 /* StoreKit.framework */,
				97B8E0151DF56388001EEC79 /* Security.framework */,
				97B8E0131DF5637F001EEC79 /* QuartzCore.framework */,
				97B8E0111DF56376001EEC79 /* CoreLocation.framework */,
				97B8E00F1DF56364001EEC79 /* MobileCoreServices.framework */,
				97B8E00D1DF5634D001EEC79 /* CoreGraphics.framework */,
				97B8E00B1DF56345001EEC79 /* CFNetwork.framework */,
				97B8E0091DF5632D001EEC79 /* AudioToolbox.framework */,
			);
			name = Frameworks;
			sourceTree = "<group>";
		};
/* End PBXGroup section */

/* Begin PBXNativeTarget section */
		971400E81DF527D60099A8DB /* Tuber */ = {
			isa = PBXNativeTarget;
			buildConfigurationList = 971401111DF527D60099A8DB /* Build configuration list for PBXNativeTarget "Tuber" */;
			buildPhases = (
				971400E51DF527D60099A8DB /* Sources */,
				971400E61DF527D60099A8DB /* Frameworks */,
				971400E71DF527D60099A8DB /* Resources */,
			);
			buildRules = (
			);
			dependencies = (
			);
			name = Tuber;
			productName = Tuber;
			productReference = 971400E91DF527D60099A8DB /* Tuber.app */;
			productType = "com.apple.product-type.application";
		};
		971400FC1DF527D60099A8DB /* TuberTests */ = {
			isa = PBXNativeTarget;
			buildConfigurationList = 971401141DF527D60099A8DB /* Build configuration list for PBXNativeTarget "TuberTests" */;
			buildPhases = (
				971400F91DF527D60099A8DB /* Sources */,
				971400FA1DF527D60099A8DB /* Frameworks */,
				971400FB1DF527D60099A8DB /* Resources */,
			);
			buildRules = (
			);
			dependencies = (
				971400FF1DF527D60099A8DB /* PBXTargetDependency */,
			);
			name = TuberTests;
			productName = TuberTests;
			productReference = 971400FD1DF527D60099A8DB /* TuberTests.xctest */;
			productType = "com.apple.product-type.bundle.unit-test";
		};
		971401071DF527D60099A8DB /* TuberUITests */ = {
			isa = PBXNativeTarget;
			buildConfigurationList = 971401171DF527D60099A8DB /* Build configuration list for PBXNativeTarget "TuberUITests" */;
			buildPhases = (
				971401041DF527D60099A8DB /* Sources */,
				971401051DF527D60099A8DB /* Frameworks */,
				971401061DF527D60099A8DB /* Resources */,
			);
			buildRules = (
			);
			dependencies = (
				9714010A1DF527D60099A8DB /* PBXTargetDependency */,
			);
			name = TuberUITests;
			productName = TuberUITests;
			productReference = 971401081DF527D60099A8DB /* TuberUITests.xctest */;
			productType = "com.apple.product-type.bundle.ui-testing";
		};
/* End PBXNativeTarget section */

/* Begin PBXProject section */
		971400E11DF527D60099A8DB /* Project object */ = {
			isa = PBXProject;
			attributes = {
				LastSwiftUpdateCheck = 0810;
				LastUpgradeCheck = 0820;
				ORGANIZATIONNAME = Tuber;
				TargetAttributes = {
					971400E81DF527D60099A8DB = {
						CreatedOnToolsVersion = 8.1;
						ProvisioningStyle = Automatic;
					};
					971400FC1DF527D60099A8DB = {
						CreatedOnToolsVersion = 8.1;
						ProvisioningStyle = Automatic;
						TestTargetID = 971400E81DF527D60099A8DB;
					};
					971401071DF527D60099A8DB = {
						CreatedOnToolsVersion = 8.1;
						ProvisioningStyle = Automatic;
						TestTargetID = 971400E81DF527D60099A8DB;
					};
				};
			};
			buildConfigurationList = 971400E41DF527D60099A8DB /* Build configuration list for PBXProject "Tuber" */;
			compatibilityVersion = "Xcode 3.2";
			developmentRegion = English;
			hasScannedForEncodings = 0;
			knownRegions = (
				en,
				Base,
			);
			mainGroup = 971400E01DF527D60099A8DB;
			productRefGroup = 971400EA1DF527D60099A8DB /* Products */;
			projectDirPath = "";
			projectRoot = "";
			targets = (
				971400E81DF527D60099A8DB /* Tuber */,
				971400FC1DF527D60099A8DB /* TuberTests */,
				971401071DF527D60099A8DB /* TuberUITests */,
			);
		};
/* End PBXProject section */

/* Begin PBXResourcesBuildPhase section */
		971400E71DF527D60099A8DB /* Resources */ = {
			isa = PBXResourcesBuildPhase;
			buildActionMask = 2147483647;
			files = (
				971400F71DF527D60099A8DB /* LaunchScreen.storyboard in Resources */,
				971400F41DF527D60099A8DB /* Assets.xcassets in Resources */,
				971400F21DF527D60099A8DB /* Main.storyboard in Resources */,
			);
			runOnlyForDeploymentPostprocessing = 0;
		};
		971400FB1DF527D60099A8DB /* Resources */ = {
			isa = PBXResourcesBuildPhase;
			buildActionMask = 2147483647;
			files = (
			);
			runOnlyForDeploymentPostprocessing = 0;
		};
		971401061DF527D60099A8DB /* Resources */ = {
			isa = PBXResourcesBuildPhase;
			buildActionMask = 2147483647;
			files = (
			);
			runOnlyForDeploymentPostprocessing = 0;
		};
/* End PBXResourcesBuildPhase section */

/* Begin PBXSourcesBuildPhase section */
		971400E51DF527D60099A8DB /* Sources */ = {
			isa = PBXSourcesBuildPhase;
			buildActionMask = 2147483647;
			files = (
				97EEACD11DF908DE007F23B1 /* UnconfirmedAppointmentTutorViewController.swift in Sources */,
				9714011F1DF52DB20099A8DB /* ScheduleTutorConfirmViewController.swift in Sources */,
				9714011B1DF528490099A8DB /* LoginViewController.swift in Sources */,
				971400EF1DF527D60099A8DB /* ViewController.swift in Sources */,
				559766F81E31533D00C4DE0C /* Registration2ViewController.swift in Sources */,
				9709067B1DF6B93400C68561 /* ClassListViewController.swift in Sources */,
				9709067D1DF6BAF500C68561 /* ClassTableViewCell.swift in Sources */,
				97D6B3D81DF801630093479E /* TutorServicesViewController.swift in Sources */,
				97EEACCD1DF902CD007F23B1 /* TutorViewScheduleTableViewController.swift in Sources */,
				55A327011E2EE34B007B725E /* RegistrationViewController.swift in Sources */,
				97D6B3D61DF7ECF10093479E /* ClassOptionsViewController.swift in Sources */,
				97EEACCF1DF90825007F23B1 /* ConfirmedAppointmentTutorViewController.swift in Sources */,
				9714011D1DF52C130099A8DB /* ScheduleTutorViewController.swift in Sources */,
				971400ED1DF527D60099A8DB /* AppDelegate.swift in Sources */,
				97EEACC71DF8FDDC007F23B1 /* OfferTutorTableViewController.swift in Sources */,
				97EEACCB1DF902B5007F23B1 /* TutorViewScheduleTableViewCell.swift in Sources */,
				97D6B3D41DF7EC9C0093479E /* ClassOptionsTableViewCell.swift in Sources */,
				97D6B3DA1DF80BDA0093479E /* TutorServicesTableViewCell.swift in Sources */,
			);
			runOnlyForDeploymentPostprocessing = 0;
		};
		971400F91DF527D60099A8DB /* Sources */ = {
			isa = PBXSourcesBuildPhase;
			buildActionMask = 2147483647;
			files = (
				971401021DF527D60099A8DB /* TuberTests.swift in Sources */,
			);
			runOnlyForDeploymentPostprocessing = 0;
		};
		971401041DF527D60099A8DB /* Sources */ = {
			isa = PBXSourcesBuildPhase;
			buildActionMask = 2147483647;
			files = (
				9714010D1DF527D60099A8DB /* TuberUITests.swift in Sources */,
			);
			runOnlyForDeploymentPostprocessing = 0;
		};
/* End PBXSourcesBuildPhase section */

/* Begin PBXTargetDependency section */
		971400FF1DF527D60099A8DB /* PBXTargetDependency */ = {
			isa = PBXTargetDependency;
			target = 971400E81DF527D60099A8DB /* Tuber */;
			targetProxy = 971400FE1DF527D60099A8DB /* PBXContainerItemProxy */;
		};
		9714010A1DF527D60099A8DB /* PBXTargetDependency */ = {
			isa = PBXTargetDependency;
			target = 971400E81DF527D60099A8DB /* Tuber */;
			targetProxy = 971401091DF527D60099A8DB /* PBXContainerItemProxy */;
		};
/* End PBXTargetDependency section */

/* Begin PBXVariantGroup section */
		971400F01DF527D60099A8DB /* Main.storyboard */ = {
			isa = PBXVariantGroup;
			children = (
				971400F11DF527D60099A8DB /* Base */,
			);
			name = Main.storyboard;
			sourceTree = "<group>";
		};
		971400F51DF527D60099A8DB /* LaunchScreen.storyboard */ = {
			isa = PBXVariantGroup;
			children = (
				971400F61DF527D60099A8DB /* Base */,
			);
			name = LaunchScreen.storyboard;
			sourceTree = "<group>";
		};
/* End PBXVariantGroup section */

/* Begin XCBuildConfiguration section */
		9714010F1DF527D60099A8DB /* Debug */ = {
			isa = XCBuildConfiguration;
			buildSettings = {
				ALWAYS_SEARCH_USER_PATHS = NO;
				CLANG_ANALYZER_NONNULL = YES;
				CLANG_CXX_LANGUAGE_STANDARD = "gnu++0x";
				CLANG_CXX_LIBRARY = "libc++";
				CLANG_ENABLE_MODULES = YES;
				CLANG_ENABLE_OBJC_ARC = YES;
				CLANG_WARN_BOOL_CONVERSION = YES;
				CLANG_WARN_CONSTANT_CONVERSION = YES;
				CLANG_WARN_DIRECT_OBJC_ISA_USAGE = YES_ERROR;
				CLANG_WARN_DOCUMENTATION_COMMENTS = YES;
				CLANG_WARN_EMPTY_BODY = YES;
				CLANG_WARN_ENUM_CONVERSION = YES;
				CLANG_WARN_INFINITE_RECURSION = YES;
				CLANG_WARN_INT_CONVERSION = YES;
				CLANG_WARN_OBJC_ROOT_CLASS = YES_ERROR;
				CLANG_WARN_SUSPICIOUS_MOVE = YES;
				CLANG_WARN_SUSPICIOUS_MOVES = YES;
				CLANG_WARN_UNREACHABLE_CODE = YES;
				CLANG_WARN__DUPLICATE_METHOD_MATCH = YES;
				"CODE_SIGN_IDENTITY[sdk=iphoneos*]" = "iPhone Developer";
				COPY_PHASE_STRIP = NO;
				DEBUG_INFORMATION_FORMAT = dwarf;
				ENABLE_STRICT_OBJC_MSGSEND = YES;
				ENABLE_TESTABILITY = YES;
				GCC_C_LANGUAGE_STANDARD = gnu99;
				GCC_DYNAMIC_NO_PIC = NO;
				GCC_NO_COMMON_BLOCKS = YES;
				GCC_OPTIMIZATION_LEVEL = 0;
				GCC_PREPROCESSOR_DEFINITIONS = (
					"DEBUG=1",
					"$(inherited)",
				);
				GCC_WARN_64_TO_32_BIT_CONVERSION = YES;
				GCC_WARN_ABOUT_RETURN_TYPE = YES_ERROR;
				GCC_WARN_UNDECLARED_SELECTOR = YES;
				GCC_WARN_UNINITIALIZED_AUTOS = YES_AGGRESSIVE;
				GCC_WARN_UNUSED_FUNCTION = YES;
				GCC_WARN_UNUSED_VARIABLE = YES;
				IPHONEOS_DEPLOYMENT_TARGET = 10.1;
				MTL_ENABLE_DEBUG_INFO = YES;
				ONLY_ACTIVE_ARCH = YES;
				SDKROOT = iphoneos;
				SWIFT_ACTIVE_COMPILATION_CONDITIONS = DEBUG;
				SWIFT_OPTIMIZATION_LEVEL = "-Onone";
			};
			name = Debug;
		};
		971401101DF527D60099A8DB /* Release */ = {
			isa = XCBuildConfiguration;
			buildSettings = {
				ALWAYS_SEARCH_USER_PATHS = NO;
				CLANG_ANALYZER_NONNULL = YES;
				CLANG_CXX_LANGUAGE_STANDARD = "gnu++0x";
				CLANG_CXX_LIBRARY = "libc++";
				CLANG_ENABLE_MODULES = YES;
				CLANG_ENABLE_OBJC_ARC = YES;
				CLANG_WARN_BOOL_CONVERSION = YES;
				CLANG_WARN_CONSTANT_CONVERSION = YES;
				CLANG_WARN_DIRECT_OBJC_ISA_USAGE = YES_ERROR;
				CLANG_WARN_DOCUMENTATION_COMMENTS = YES;
				CLANG_WARN_EMPTY_BODY = YES;
				CLANG_WARN_ENUM_CONVERSION = YES;
				CLANG_WARN_INFINITE_RECURSION = YES;
				CLANG_WARN_INT_CONVERSION = YES;
				CLANG_WARN_OBJC_ROOT_CLASS = YES_ERROR;
				CLANG_WARN_SUSPICIOUS_MOVE = YES;
				CLANG_WARN_SUSPICIOUS_MOVES = YES;
				CLANG_WARN_UNREACHABLE_CODE = YES;
				CLANG_WARN__DUPLICATE_METHOD_MATCH = YES;
				"CODE_SIGN_IDENTITY[sdk=iphoneos*]" = "iPhone Developer";
				COPY_PHASE_STRIP = NO;
				DEBUG_INFORMATION_FORMAT = "dwarf-with-dsym";
				ENABLE_NS_ASSERTIONS = NO;
				ENABLE_STRICT_OBJC_MSGSEND = YES;
				GCC_C_LANGUAGE_STANDARD = gnu99;
				GCC_NO_COMMON_BLOCKS = YES;
				GCC_WARN_64_TO_32_BIT_CONVERSION = YES;
				GCC_WARN_ABOUT_RETURN_TYPE = YES_ERROR;
				GCC_WARN_UNDECLARED_SELECTOR = YES;
				GCC_WARN_UNINITIALIZED_AUTOS = YES_AGGRESSIVE;
				GCC_WARN_UNUSED_FUNCTION = YES;
				GCC_WARN_UNUSED_VARIABLE = YES;
				IPHONEOS_DEPLOYMENT_TARGET = 10.1;
				MTL_ENABLE_DEBUG_INFO = NO;
				SDKROOT = iphoneos;
				SWIFT_OPTIMIZATION_LEVEL = "-Owholemodule";
				VALIDATE_PRODUCT = YES;
			};
			name = Release;
		};
		971401121DF527D60099A8DB /* Debug */ = {
			isa = XCBuildConfiguration;
			buildSettings = {
				ASSETCATALOG_COMPILER_APPICON_NAME = AppIcon;
				FRAMEWORK_SEARCH_PATHS = (
					"$(inherited)",
					"$(PROJECT_DIR)",
				);
				INFOPLIST_FILE = Tuber/Info.plist;
				LD_RUNPATH_SEARCH_PATHS = "$(inherited) @executable_path/Frameworks";
				PRODUCT_BUNDLE_IDENTIFIER = com.Tuber;
				PRODUCT_NAME = "$(TARGET_NAME)";
				SWIFT_VERSION = 3.0;
			};
			name = Debug;
		};
		971401131DF527D60099A8DB /* Release */ = {
			isa = XCBuildConfiguration;
			buildSettings = {
				ASSETCATALOG_COMPILER_APPICON_NAME = AppIcon;
				FRAMEWORK_SEARCH_PATHS = (
					"$(inherited)",
					"$(PROJECT_DIR)",
				);
				INFOPLIST_FILE = Tuber/Info.plist;
				LD_RUNPATH_SEARCH_PATHS = "$(inherited) @executable_path/Frameworks";
				PRODUCT_BUNDLE_IDENTIFIER = com.Tuber;
				PRODUCT_NAME = "$(TARGET_NAME)";
				SWIFT_VERSION = 3.0;
			};
			name = Release;
		};
		971401151DF527D60099A8DB /* Debug */ = {
			isa = XCBuildConfiguration;
			buildSettings = {
				ALWAYS_EMBED_SWIFT_STANDARD_LIBRARIES = YES;
				BUNDLE_LOADER = "$(TEST_HOST)";
				INFOPLIST_FILE = TuberTests/Info.plist;
				LD_RUNPATH_SEARCH_PATHS = "$(inherited) @executable_path/Frameworks @loader_path/Frameworks";
				PRODUCT_BUNDLE_IDENTIFIER = com.TuberTests;
				PRODUCT_NAME = "$(TARGET_NAME)";
				SWIFT_VERSION = 3.0;
				TEST_HOST = "$(BUILT_PRODUCTS_DIR)/Tuber.app/Tuber";
			};
			name = Debug;
		};
		971401161DF527D60099A8DB /* Release */ = {
			isa = XCBuildConfiguration;
			buildSettings = {
				ALWAYS_EMBED_SWIFT_STANDARD_LIBRARIES = YES;
				BUNDLE_LOADER = "$(TEST_HOST)";
				INFOPLIST_FILE = TuberTests/Info.plist;
				LD_RUNPATH_SEARCH_PATHS = "$(inherited) @executable_path/Frameworks @loader_path/Frameworks";
				PRODUCT_BUNDLE_IDENTIFIER = com.TuberTests;
				PRODUCT_NAME = "$(TARGET_NAME)";
				SWIFT_VERSION = 3.0;
				TEST_HOST = "$(BUILT_PRODUCTS_DIR)/Tuber.app/Tuber";
			};
			name = Release;
		};
		971401181DF527D60099A8DB /* Debug */ = {
			isa = XCBuildConfiguration;
			buildSettings = {
				ALWAYS_EMBED_SWIFT_STANDARD_LIBRARIES = YES;
				INFOPLIST_FILE = TuberUITests/Info.plist;
				LD_RUNPATH_SEARCH_PATHS = "$(inherited) @executable_path/Frameworks @loader_path/Frameworks";
				PRODUCT_BUNDLE_IDENTIFIER = com.TuberUITests;
				PRODUCT_NAME = "$(TARGET_NAME)";
				SWIFT_VERSION = 3.0;
				TEST_TARGET_NAME = Tuber;
			};
			name = Debug;
		};
		971401191DF527D60099A8DB /* Release */ = {
			isa = XCBuildConfiguration;
			buildSettings = {
				ALWAYS_EMBED_SWIFT_STANDARD_LIBRARIES = YES;
				INFOPLIST_FILE = TuberUITests/Info.plist;
				LD_RUNPATH_SEARCH_PATHS = "$(inherited) @executable_path/Frameworks @loader_path/Frameworks";
				PRODUCT_BUNDLE_IDENTIFIER = com.TuberUITests;
				PRODUCT_NAME = "$(TARGET_NAME)";
				SWIFT_VERSION = 3.0;
				TEST_TARGET_NAME = Tuber;
			};
			name = Release;
		};
/* End XCBuildConfiguration section */

/* Begin XCConfigurationList section */
		971400E41DF527D60099A8DB /* Build configuration list for PBXProject "Tuber" */ = {
			isa = XCConfigurationList;
			buildConfigurations = (
				9714010F1DF527D60099A8DB /* Debug */,
				971401101DF527D60099A8DB /* Release */,
			);
			defaultConfigurationIsVisible = 0;
			defaultConfigurationName = Release;
		};
		971401111DF527D60099A8DB /* Build configuration list for PBXNativeTarget "Tuber" */ = {
			isa = XCConfigurationList;
			buildConfigurations = (
				971401121DF527D60099A8DB /* Debug */,
				971401131DF527D60099A8DB /* Release */,
			);
			defaultConfigurationIsVisible = 0;
			defaultConfigurationName = Release;
		};
		971401141DF527D60099A8DB /* Build configuration list for PBXNativeTarget "TuberTests" */ = {
			isa = XCConfigurationList;
			buildConfigurations = (
				971401151DF527D60099A8DB /* Debug */,
				971401161DF527D60099A8DB /* Release */,
			);
			defaultConfigurationIsVisible = 0;
			defaultConfigurationName = Release;
		};
		971401171DF527D60099A8DB /* Build configuration list for PBXNativeTarget "TuberUITests" */ = {
			isa = XCConfigurationList;
			buildConfigurations = (
				971401181DF527D60099A8DB /* Debug */,
				971401191DF527D60099A8DB /* Release */,
			);
			defaultConfigurationIsVisible = 0;
			defaultConfigurationName = Release;
		};
/* End XCConfigurationList section */
	};
	rootObject = 971400E11DF527D60099A8DB /* Project object */;
}
