// !$*UTF8*$!
{
	archiveVersion = 1;
	classes = {
	};
	objectVersion = 46;
	objects = {

/* Begin PBXBuildFile section */
		557A02361E674BA6002B0741 /* Registration2ViewController.swift in Sources */ = {isa = PBXBuildFile; fileRef = 557A02331E674BA6002B0741 /* Registration2ViewController.swift */; };
		557A02371E674BA6002B0741 /* RegistrationViewController.swift in Sources */ = {isa = PBXBuildFile; fileRef = 557A02341E674BA6002B0741 /* RegistrationViewController.swift */; };
		557A02381E674BA6002B0741 /* ServerRequest.swift in Sources */ = {isa = PBXBuildFile; fileRef = 557A02351E674BA6002B0741 /* ServerRequest.swift */; };
		55C962221E96FC74001DF879 /* ListTutorViewController.swift in Sources */ = {isa = PBXBuildFile; fileRef = 55C962211E96FC74001DF879 /* ListTutorViewController.swift */; };
		93CFD9DD506671794D296C28 /* Pods_TuberUITests.framework in Frameworks */ = {isa = PBXBuildFile; fileRef = D98FA225CF12659D2BFD1C56 /* Pods_TuberUITests.framework */; };
		9709067B1DF6B93400C68561 /* ClassListViewController.swift in Sources */ = {isa = PBXBuildFile; fileRef = 9709067A1DF6B93400C68561 /* ClassListViewController.swift */; };
		9709067D1DF6BAF500C68561 /* ClassTableViewCell.swift in Sources */ = {isa = PBXBuildFile; fileRef = 9709067C1DF6BAF500C68561 /* ClassTableViewCell.swift */; };
		971400ED1DF527D60099A8DB /* AppDelegate.swift in Sources */ = {isa = PBXBuildFile; fileRef = 971400EC1DF527D60099A8DB /* AppDelegate.swift */; };
		971400EF1DF527D60099A8DB /* ViewController.swift in Sources */ = {isa = PBXBuildFile; fileRef = 971400EE1DF527D60099A8DB /* ViewController.swift */; };
		971400F21DF527D60099A8DB /* Main.storyboard in Resources */ = {isa = PBXBuildFile; fileRef = 971400F01DF527D60099A8DB /* Main.storyboard */; };
		971400F41DF527D60099A8DB /* Assets.xcassets in Resources */ = {isa = PBXBuildFile; fileRef = 971400F31DF527D60099A8DB /* Assets.xcassets */; };
		971400F71DF527D60099A8DB /* LaunchScreen.storyboard in Resources */ = {isa = PBXBuildFile; fileRef = 971400F51DF527D60099A8DB /* LaunchScreen.storyboard */; };
		971401021DF527D60099A8DB /* TuberTests.swift in Sources */ = {isa = PBXBuildFile; fileRef = 971401011DF527D60099A8DB /* TuberTests.swift */; };
		9714010D1DF527D60099A8DB /* TuberUITests.swift in Sources */ = {isa = PBXBuildFile; fileRef = 9714010C1DF527D60099A8DB /* TuberUITests.swift */; };
		9714011B1DF528490099A8DB /* LoginViewController.swift in Sources */ = {isa = PBXBuildFile; fileRef = 9714011A1DF528490099A8DB /* LoginViewController.swift */; };
		9714011D1DF52C130099A8DB /* ScheduleTutorViewController.swift in Sources */ = {isa = PBXBuildFile; fileRef = 9714011C1DF52C130099A8DB /* ScheduleTutorViewController.swift */; };
		9714011F1DF52DB20099A8DB /* ScheduleTutorConfirmViewController.swift in Sources */ = {isa = PBXBuildFile; fileRef = 9714011E1DF52DB20099A8DB /* ScheduleTutorConfirmViewController.swift */; };
		971A55B91E4D1E3B009D8E38 /* StudentViewScheduleTableViewController.swift in Sources */ = {isa = PBXBuildFile; fileRef = 971A55B81E4D1E3B009D8E38 /* StudentViewScheduleTableViewController.swift */; };
		971CE55E1E431BBF00CB2324 /* HotspotInitialViewController.swift in Sources */ = {isa = PBXBuildFile; fileRef = 971CE55D1E431BBF00CB2324 /* HotspotInitialViewController.swift */; };
		971CE5601E496CD800CB2324 /* ActiveSessionViewController.swift in Sources */ = {isa = PBXBuildFile; fileRef = 971CE55F1E496CD800CB2324 /* ActiveSessionViewController.swift */; };
		971CE5621E499D2000CB2324 /* ActiveHotspotViewController.swift in Sources */ = {isa = PBXBuildFile; fileRef = 971CE5611E499D2000CB2324 /* ActiveHotspotViewController.swift */; };
		972BC6691E8A3BC9001FF9C6 /* ReportTutorSessionsTableViewController.swift in Sources */ = {isa = PBXBuildFile; fileRef = 972BC6681E8A3BC9001FF9C6 /* ReportTutorSessionsTableViewController.swift */; };
		972BC66B1E8A437E001FF9C6 /* ReportTutorFormViewController.swift in Sources */ = {isa = PBXBuildFile; fileRef = 972BC66A1E8A437E001FF9C6 /* ReportTutorFormViewController.swift */; };
		972BC66D1E8ADE00001FF9C6 /* MessageWindowViewController.swift in Sources */ = {isa = PBXBuildFile; fileRef = 972BC66C1E8ADE00001FF9C6 /* MessageWindowViewController.swift */; };
		972BC6731E9702C4001FF9C6 /* MessageUsersListViewController.swift in Sources */ = {isa = PBXBuildFile; fileRef = 972BC6721E9702C4001FF9C6 /* MessageUsersListViewController.swift */; };
		972BC6751E9702D1001FF9C6 /* MessageUsersListTableViewCell.swift in Sources */ = {isa = PBXBuildFile; fileRef = 972BC6741E9702D1001FF9C6 /* MessageUsersListTableViewCell.swift */; };
		972FAD711EAB51C5001EA259 /* CreateHotspotViewController.swift in Sources */ = {isa = PBXBuildFile; fileRef = 972FAD701EAB51C5001EA259 /* CreateHotspotViewController.swift */; };
		972FAD731EAB595C001EA259 /* TutorClassListViewController.swift in Sources */ = {isa = PBXBuildFile; fileRef = 972FAD721EAB595C001EA259 /* TutorClassListViewController.swift */; };
		975747B31EA2B7E80040E6FB /* CAPSPageMenu.swift in Sources */ = {isa = PBXBuildFile; fileRef = 975747B21EA2B7E80040E6FB /* CAPSPageMenu.swift */; };
		975747B51EA2B8620040E6FB /* MainScreenViewController.swift in Sources */ = {isa = PBXBuildFile; fileRef = 975747B41EA2B8620040E6FB /* MainScreenViewController.swift */; };
		976DC37E1E6D6FF100F1ACE6 /* GoogleService-Info.plist in Resources */ = {isa = PBXBuildFile; fileRef = 976DC37D1E6D6FF100F1ACE6 /* GoogleService-Info.plist */; };
		9784AC021E6814F200691377 /* ReportTutorListTableViewController.swift in Sources */ = {isa = PBXBuildFile; fileRef = 9784AC011E6814F200691377 /* ReportTutorListTableViewController.swift */; };
		9784AC041E68152600691377 /* ReportTutorListTableViewCell.swift in Sources */ = {isa = PBXBuildFile; fileRef = 9784AC031E68152600691377 /* ReportTutorListTableViewCell.swift */; };
		97A072E31E324FA900D91130 /* ImmediateTutorRequestViewController.swift in Sources */ = {isa = PBXBuildFile; fileRef = 97A072E21E324FA900D91130 /* ImmediateTutorRequestViewController.swift */; };
		97BC68A81E70182400AD012A /* HotspotDetailViewController.swift in Sources */ = {isa = PBXBuildFile; fileRef = 97BC68A71E70182400AD012A /* HotspotDetailViewController.swift */; };
		97D6B3D41DF7EC9C0093479E /* ClassOptionsTableViewCell.swift in Sources */ = {isa = PBXBuildFile; fileRef = 97D6B3D31DF7EC9C0093479E /* ClassOptionsTableViewCell.swift */; };
		97D6B3D61DF7ECF10093479E /* ClassOptionsViewController.swift in Sources */ = {isa = PBXBuildFile; fileRef = 97D6B3D51DF7ECF10093479E /* ClassOptionsViewController.swift */; };
		97D6B3D81DF801630093479E /* TutorServicesViewController.swift in Sources */ = {isa = PBXBuildFile; fileRef = 97D6B3D71DF801630093479E /* TutorServicesViewController.swift */; };
		97D6B3DA1DF80BDA0093479E /* TutorServicesTableViewCell.swift in Sources */ = {isa = PBXBuildFile; fileRef = 97D6B3D91DF80BDA0093479E /* TutorServicesTableViewCell.swift */; };
		97EEACC71DF8FDDC007F23B1 /* OfferTutorTableViewController.swift in Sources */ = {isa = PBXBuildFile; fileRef = 97EEACC61DF8FDDC007F23B1 /* OfferTutorTableViewController.swift */; };
		97EEACCB1DF902B5007F23B1 /* TutorViewScheduleTableViewCell.swift in Sources */ = {isa = PBXBuildFile; fileRef = 97EEACCA1DF902B5007F23B1 /* TutorViewScheduleTableViewCell.swift */; };
		97EEACCD1DF902CD007F23B1 /* TutorViewScheduleTableViewController.swift in Sources */ = {isa = PBXBuildFile; fileRef = 97EEACCC1DF902CD007F23B1 /* TutorViewScheduleTableViewController.swift */; };
		97EEACCF1DF90825007F23B1 /* ConfirmedAppointmentTutorViewController.swift in Sources */ = {isa = PBXBuildFile; fileRef = 97EEACCE1DF90825007F23B1 /* ConfirmedAppointmentTutorViewController.swift */; };
		97EEACD11DF908DE007F23B1 /* UnconfirmedAppointmentTutorViewController.swift in Sources */ = {isa = PBXBuildFile; fileRef = 97EEACD01DF908DE007F23B1 /* UnconfirmedAppointmentTutorViewController.swift */; };
		A5F44CB43E360D39B5B9C449 /* Pods_TuberTests.framework in Frameworks */ = {isa = PBXBuildFile; fileRef = A38B90AC0E26E4C663BD3443 /* Pods_TuberTests.framework */; };
		ABAC3F8959CAF0AC33B9C56F /* Pods_Tuber.framework in Frameworks */ = {isa = PBXBuildFile; fileRef = 8A74A08A0EFBA1D5ABDF30C2 /* Pods_Tuber.framework */; };
/* End PBXBuildFile section */

/* Begin PBXContainerItemProxy section */
		971400FE1DF527D60099A8DB /* PBXContainerItemProxy */ = {
			isa = PBXContainerItemProxy;
			containerPortal = 971400E11DF527D60099A8DB /* Project object */;
			proxyType = 1;
			remoteGlobalIDString = 971400E81DF527D60099A8DB;
			remoteInfo = Tuber;
		};
		971401091DF527D60099A8DB /* PBXContainerItemProxy */ = {
			isa = PBXContainerItemProxy;
			containerPortal = 971400E11DF527D60099A8DB /* Project object */;
			proxyType = 1;
			remoteGlobalIDString = 971400E81DF527D60099A8DB;
			remoteInfo = Tuber;
		};
/* End PBXContainerItemProxy section */

/* Begin PBXFileReference section */
		0FE22EC60A51E47C07947B15 /* Pods-Tuber.debug.xcconfig */ = {isa = PBXFileReference; includeInIndex = 1; lastKnownFileType = text.xcconfig; name = "Pods-Tuber.debug.xcconfig"; path = "Pods/Target Support Files/Pods-Tuber/Pods-Tuber.debug.xcconfig"; sourceTree = "<group>"; };
		15BD1D3BBE146A72696B3B8B /* Pods-Tuber.release.xcconfig */ = {isa = PBXFileReference; includeInIndex = 1; lastKnownFileType = text.xcconfig; name = "Pods-Tuber.release.xcconfig"; path = "Pods/Target Support Files/Pods-Tuber/Pods-Tuber.release.xcconfig"; sourceTree = "<group>"; };
		2633882F1A6CFB02CB09FA79 /* Pods-TuberTests.debug.xcconfig */ = {isa = PBXFileReference; includeInIndex = 1; lastKnownFileType = text.xcconfig; name = "Pods-TuberTests.debug.xcconfig"; path = "Pods/Target Support Files/Pods-TuberTests/Pods-TuberTests.debug.xcconfig"; sourceTree = "<group>"; };
		557A02331E674BA6002B0741 /* Registration2ViewController.swift */ = {isa = PBXFileReference; fileEncoding = 4; lastKnownFileType = sourcecode.swift; path = Registration2ViewController.swift; sourceTree = "<group>"; };
		557A02341E674BA6002B0741 /* RegistrationViewController.swift */ = {isa = PBXFileReference; fileEncoding = 4; lastKnownFileType = sourcecode.swift; path = RegistrationViewController.swift; sourceTree = "<group>"; };
		557A02351E674BA6002B0741 /* ServerRequest.swift */ = {isa = PBXFileReference; fileEncoding = 4; lastKnownFileType = sourcecode.swift; path = ServerRequest.swift; sourceTree = "<group>"; };
		55C962211E96FC74001DF879 /* ListTutorViewController.swift */ = {isa = PBXFileReference; fileEncoding = 4; lastKnownFileType = sourcecode.swift; path = ListTutorViewController.swift; sourceTree = "<group>"; };
		8A74A08A0EFBA1D5ABDF30C2 /* Pods_Tuber.framework */ = {isa = PBXFileReference; explicitFileType = wrapper.framework; includeInIndex = 0; path = Pods_Tuber.framework; sourceTree = BUILT_PRODUCTS_DIR; };
		9709067A1DF6B93400C68561 /* ClassListViewController.swift */ = {isa = PBXFileReference; fileEncoding = 4; lastKnownFileType = sourcecode.swift; path = ClassListViewController.swift; sourceTree = "<group>"; };
		9709067C1DF6BAF500C68561 /* ClassTableViewCell.swift */ = {isa = PBXFileReference; fileEncoding = 4; lastKnownFileType = sourcecode.swift; path = ClassTableViewCell.swift; sourceTree = "<group>"; };
		971400E91DF527D60099A8DB /* Tuber.app */ = {isa = PBXFileReference; explicitFileType = wrapper.application; includeInIndex = 0; path = Tuber.app; sourceTree = BUILT_PRODUCTS_DIR; };
		971400EC1DF527D60099A8DB /* AppDelegate.swift */ = {isa = PBXFileReference; lastKnownFileType = sourcecode.swift; path = AppDelegate.swift; sourceTree = "<group>"; };
		971400EE1DF527D60099A8DB /* ViewController.swift */ = {isa = PBXFileReference; lastKnownFileType = sourcecode.swift; path = ViewController.swift; sourceTree = "<group>"; };
		971400F11DF527D60099A8DB /* Base */ = {isa = PBXFileReference; lastKnownFileType = file.storyboard; name = Base; path = Base.lproj/Main.storyboard; sourceTree = "<group>"; };
		971400F31DF527D60099A8DB /* Assets.xcassets */ = {isa = PBXFileReference; lastKnownFileType = folder.assetcatalog; path = Assets.xcassets; sourceTree = "<group>"; };
		971400F61DF527D60099A8DB /* Base */ = {isa = PBXFileReference; lastKnownFileType = file.storyboard; name = Base; path = Base.lproj/LaunchScreen.storyboard; sourceTree = "<group>"; };
		971400F81DF527D60099A8DB /* Info.plist */ = {isa = PBXFileReference; lastKnownFileType = text.plist.xml; path = Info.plist; sourceTree = "<group>"; };
		971400FD1DF527D60099A8DB /* TuberTests.xctest */ = {isa = PBXFileReference; explicitFileType = wrapper.cfbundle; includeInIndex = 0; path = TuberTests.xctest; sourceTree = BUILT_PRODUCTS_DIR; };
		971401011DF527D60099A8DB /* TuberTests.swift */ = {isa = PBXFileReference; lastKnownFileType = sourcecode.swift; path = TuberTests.swift; sourceTree = "<group>"; };
		971401031DF527D60099A8DB /* Info.plist */ = {isa = PBXFileReference; lastKnownFileType = text.plist.xml; path = Info.plist; sourceTree = "<group>"; };
		971401081DF527D60099A8DB /* TuberUITests.xctest */ = {isa = PBXFileReference; explicitFileType = wrapper.cfbundle; includeInIndex = 0; path = TuberUITests.xctest; sourceTree = BUILT_PRODUCTS_DIR; };
		9714010C1DF527D60099A8DB /* TuberUITests.swift */ = {isa = PBXFileReference; lastKnownFileType = sourcecode.swift; path = TuberUITests.swift; sourceTree = "<group>"; };
		9714010E1DF527D60099A8DB /* Info.plist */ = {isa = PBXFileReference; lastKnownFileType = text.plist.xml; path = Info.plist; sourceTree = "<group>"; };
		9714011A1DF528490099A8DB /* LoginViewController.swift */ = {isa = PBXFileReference; fileEncoding = 4; lastKnownFileType = sourcecode.swift; path = LoginViewController.swift; sourceTree = "<group>"; };
		9714011C1DF52C130099A8DB /* ScheduleTutorViewController.swift */ = {isa = PBXFileReference; fileEncoding = 4; lastKnownFileType = sourcecode.swift; path = ScheduleTutorViewController.swift; sourceTree = "<group>"; };
		9714011E1DF52DB20099A8DB /* ScheduleTutorConfirmViewController.swift */ = {isa = PBXFileReference; fileEncoding = 4; lastKnownFileType = sourcecode.swift; path = ScheduleTutorConfirmViewController.swift; sourceTree = "<group>"; };
		971A55B81E4D1E3B009D8E38 /* StudentViewScheduleTableViewController.swift */ = {isa = PBXFileReference; fileEncoding = 4; lastKnownFileType = sourcecode.swift; path = StudentViewScheduleTableViewController.swift; sourceTree = "<group>"; };
		971CE55D1E431BBF00CB2324 /* HotspotInitialViewController.swift */ = {isa = PBXFileReference; fileEncoding = 4; lastKnownFileType = sourcecode.swift; path = HotspotInitialViewController.swift; sourceTree = "<group>"; };
		971CE55F1E496CD800CB2324 /* ActiveSessionViewController.swift */ = {isa = PBXFileReference; fileEncoding = 4; lastKnownFileType = sourcecode.swift; path = ActiveSessionViewController.swift; sourceTree = "<group>"; };
		971CE5611E499D2000CB2324 /* ActiveHotspotViewController.swift */ = {isa = PBXFileReference; fileEncoding = 4; lastKnownFileType = sourcecode.swift; path = ActiveHotspotViewController.swift; sourceTree = "<group>"; };
		972BC6681E8A3BC9001FF9C6 /* ReportTutorSessionsTableViewController.swift */ = {isa = PBXFileReference; fileEncoding = 4; lastKnownFileType = sourcecode.swift; path = ReportTutorSessionsTableViewController.swift; sourceTree = "<group>"; };
		972BC66A1E8A437E001FF9C6 /* ReportTutorFormViewController.swift */ = {isa = PBXFileReference; fileEncoding = 4; lastKnownFileType = sourcecode.swift; path = ReportTutorFormViewController.swift; sourceTree = "<group>"; };
		972BC66C1E8ADE00001FF9C6 /* MessageWindowViewController.swift */ = {isa = PBXFileReference; fileEncoding = 4; lastKnownFileType = sourcecode.swift; path = MessageWindowViewController.swift; sourceTree = "<group>"; };
		972BC6721E9702C4001FF9C6 /* MessageUsersListViewController.swift */ = {isa = PBXFileReference; fileEncoding = 4; lastKnownFileType = sourcecode.swift; path = MessageUsersListViewController.swift; sourceTree = "<group>"; };
		972BC6741E9702D1001FF9C6 /* MessageUsersListTableViewCell.swift */ = {isa = PBXFileReference; fileEncoding = 4; lastKnownFileType = sourcecode.swift; path = MessageUsersListTableViewCell.swift; sourceTree = "<group>"; };
		972FAD701EAB51C5001EA259 /* CreateHotspotViewController.swift */ = {isa = PBXFileReference; fileEncoding = 4; lastKnownFileType = sourcecode.swift; path = CreateHotspotViewController.swift; sourceTree = "<group>"; };
		972FAD721EAB595C001EA259 /* TutorClassListViewController.swift */ = {isa = PBXFileReference; fileEncoding = 4; lastKnownFileType = sourcecode.swift; path = TutorClassListViewController.swift; sourceTree = "<group>"; };
		975747B21EA2B7E80040E6FB /* CAPSPageMenu.swift */ = {isa = PBXFileReference; fileEncoding = 4; lastKnownFileType = sourcecode.swift; path = CAPSPageMenu.swift; sourceTree = "<group>"; };
		975747B41EA2B8620040E6FB /* MainScreenViewController.swift */ = {isa = PBXFileReference; fileEncoding = 4; lastKnownFileType = sourcecode.swift; path = MainScreenViewController.swift; sourceTree = "<group>"; };
		976DC37D1E6D6FF100F1ACE6 /* GoogleService-Info.plist */ = {isa = PBXFileReference; fileEncoding = 4; lastKnownFileType = text.plist.xml; path = "GoogleService-Info.plist"; sourceTree = "<group>"; };
		9784AC011E6814F200691377 /* ReportTutorListTableViewController.swift */ = {isa = PBXFileReference; fileEncoding = 4; lastKnownFileType = sourcecode.swift; path = ReportTutorListTableViewController.swift; sourceTree = "<group>"; };
		9784AC031E68152600691377 /* ReportTutorListTableViewCell.swift */ = {isa = PBXFileReference; fileEncoding = 4; lastKnownFileType = sourcecode.swift; path = ReportTutorListTableViewCell.swift; sourceTree = "<group>"; };
		97A072E21E324FA900D91130 /* ImmediateTutorRequestViewController.swift */ = {isa = PBXFileReference; fileEncoding = 4; lastKnownFileType = sourcecode.swift; path = ImmediateTutorRequestViewController.swift; sourceTree = "<group>"; };
		97BC68A71E70182400AD012A /* HotspotDetailViewController.swift */ = {isa = PBXFileReference; fileEncoding = 4; lastKnownFileType = sourcecode.swift; path = HotspotDetailViewController.swift; sourceTree = "<group>"; };
		97D6B3D31DF7EC9C0093479E /* ClassOptionsTableViewCell.swift */ = {isa = PBXFileReference; fileEncoding = 4; lastKnownFileType = sourcecode.swift; path = ClassOptionsTableViewCell.swift; sourceTree = "<group>"; };
		97D6B3D51DF7ECF10093479E /* ClassOptionsViewController.swift */ = {isa = PBXFileReference; fileEncoding = 4; lastKnownFileType = sourcecode.swift; path = ClassOptionsViewController.swift; sourceTree = "<group>"; };
		97D6B3D71DF801630093479E /* TutorServicesViewController.swift */ = {isa = PBXFileReference; fileEncoding = 4; lastKnownFileType = sourcecode.swift; path = TutorServicesViewController.swift; sourceTree = "<group>"; };
		97D6B3D91DF80BDA0093479E /* TutorServicesTableViewCell.swift */ = {isa = PBXFileReference; fileEncoding = 4; lastKnownFileType = sourcecode.swift; path = TutorServicesTableViewCell.swift; sourceTree = "<group>"; };
		97EEACC61DF8FDDC007F23B1 /* OfferTutorTableViewController.swift */ = {isa = PBXFileReference; fileEncoding = 4; lastKnownFileType = sourcecode.swift; path = OfferTutorTableViewController.swift; sourceTree = "<group>"; };
		97EEACCA1DF902B5007F23B1 /* TutorViewScheduleTableViewCell.swift */ = {isa = PBXFileReference; fileEncoding = 4; lastKnownFileType = sourcecode.swift; path = TutorViewScheduleTableViewCell.swift; sourceTree = "<group>"; };
		97EEACCC1DF902CD007F23B1 /* TutorViewScheduleTableViewController.swift */ = {isa = PBXFileReference; fileEncoding = 4; lastKnownFileType = sourcecode.swift; path = TutorViewScheduleTableViewController.swift; sourceTree = "<group>"; };
		97EEACCE1DF90825007F23B1 /* ConfirmedAppointmentTutorViewController.swift */ = {isa = PBXFileReference; fileEncoding = 4; lastKnownFileType = sourcecode.swift; path = ConfirmedAppointmentTutorViewController.swift; sourceTree = "<group>"; };
		97EEACD01DF908DE007F23B1 /* UnconfirmedAppointmentTutorViewController.swift */ = {isa = PBXFileReference; fileEncoding = 4; lastKnownFileType = sourcecode.swift; path = UnconfirmedAppointmentTutorViewController.swift; sourceTree = "<group>"; };
		A38B90AC0E26E4C663BD3443 /* Pods_TuberTests.framework */ = {isa = PBXFileReference; explicitFileType = wrapper.framework; includeInIndex = 0; path = Pods_TuberTests.framework; sourceTree = BUILT_PRODUCTS_DIR; };
		D9064E8B616EB0A131683CC8 /* Pods-TuberUITests.release.xcconfig */ = {isa = PBXFileReference; includeInIndex = 1; lastKnownFileType = text.xcconfig; name = "Pods-TuberUITests.release.xcconfig"; path = "Pods/Target Support Files/Pods-TuberUITests/Pods-TuberUITests.release.xcconfig"; sourceTree = "<group>"; };
		D98FA225CF12659D2BFD1C56 /* Pods_TuberUITests.framework */ = {isa = PBXFileReference; explicitFileType = wrapper.framework; includeInIndex = 0; path = Pods_TuberUITests.framework; sourceTree = BUILT_PRODUCTS_DIR; };
		E9823554DB09E810976BAC59 /* Pods-TuberUITests.debug.xcconfig */ = {isa = PBXFileReference; includeInIndex = 1; lastKnownFileType = text.xcconfig; name = "Pods-TuberUITests.debug.xcconfig"; path = "Pods/Target Support Files/Pods-TuberUITests/Pods-TuberUITests.debug.xcconfig"; sourceTree = "<group>"; };
		F4BF1AD4A6D4158E61B1E2DD /* Pods-TuberTests.release.xcconfig */ = {isa = PBXFileReference; includeInIndex = 1; lastKnownFileType = text.xcconfig; name = "Pods-TuberTests.release.xcconfig"; path = "Pods/Target Support Files/Pods-TuberTests/Pods-TuberTests.release.xcconfig"; sourceTree = "<group>"; };
/* End PBXFileReference section */

/* Begin PBXFrameworksBuildPhase section */
		971400E61DF527D60099A8DB /* Frameworks */ = {
			isa = PBXFrameworksBuildPhase;
			buildActionMask = 2147483647;
			files = (
				ABAC3F8959CAF0AC33B9C56F /* Pods_Tuber.framework in Frameworks */,
			);
			runOnlyForDeploymentPostprocessing = 0;
		};
		971400FA1DF527D60099A8DB /* Frameworks */ = {
			isa = PBXFrameworksBuildPhase;
			buildActionMask = 2147483647;
			files = (
				A5F44CB43E360D39B5B9C449 /* Pods_TuberTests.framework in Frameworks */,
			);
			runOnlyForDeploymentPostprocessing = 0;
		};
		971401051DF527D60099A8DB /* Frameworks */ = {
			isa = PBXFrameworksBuildPhase;
			buildActionMask = 2147483647;
			files = (
				93CFD9DD506671794D296C28 /* Pods_TuberUITests.framework in Frameworks */,
			);
			runOnlyForDeploymentPostprocessing = 0;
		};
/* End PBXFrameworksBuildPhase section */

/* Begin PBXGroup section */
		13338A8A6847489BE7C3203B /* Pods */ = {
			isa = PBXGroup;
			children = (
				0FE22EC60A51E47C07947B15 /* Pods-Tuber.debug.xcconfig */,
				15BD1D3BBE146A72696B3B8B /* Pods-Tuber.release.xcconfig */,
				2633882F1A6CFB02CB09FA79 /* Pods-TuberTests.debug.xcconfig */,
				F4BF1AD4A6D4158E61B1E2DD /* Pods-TuberTests.release.xcconfig */,
				E9823554DB09E810976BAC59 /* Pods-TuberUITests.debug.xcconfig */,
				D9064E8B616EB0A131683CC8 /* Pods-TuberUITests.release.xcconfig */,
			);
			name = Pods;
			sourceTree = "<group>";
		};
		971400E01DF527D60099A8DB = {
			isa = PBXGroup;
			children = (
				971400EB1DF527D60099A8DB /* Tuber */,
				971401001DF527D60099A8DB /* TuberTests */,
				9714010B1DF527D60099A8DB /* TuberUITests */,
				971400EA1DF527D60099A8DB /* Products */,
				97B8E0081DF5632D001EEC79 /* Frameworks */,
				13338A8A6847489BE7C3203B /* Pods */,
			);
			sourceTree = "<group>";
		};
		971400EA1DF527D60099A8DB /* Products */ = {
			isa = PBXGroup;
			children = (
				971400E91DF527D60099A8DB /* Tuber.app */,
				971400FD1DF527D60099A8DB /* TuberTests.xctest */,
				971401081DF527D60099A8DB /* TuberUITests.xctest */,
			);
			name = Products;
			sourceTree = "<group>";
		};
		971400EB1DF527D60099A8DB /* Tuber */ = {
			isa = PBXGroup;
			children = (
				971400EC1DF527D60099A8DB /* AppDelegate.swift */,
				971400EE1DF527D60099A8DB /* ViewController.swift */,
				971400F01DF527D60099A8DB /* Main.storyboard */,
				971400F31DF527D60099A8DB /* Assets.xcassets */,
				971400F51DF527D60099A8DB /* LaunchScreen.storyboard */,
				971400F81DF527D60099A8DB /* Info.plist */,
				976DC37D1E6D6FF100F1ACE6 /* GoogleService-Info.plist */,
				557A02351E674BA6002B0741 /* ServerRequest.swift */,
				9714011A1DF528490099A8DB /* LoginViewController.swift */,
				557A02341E674BA6002B0741 /* RegistrationViewController.swift */,
				557A02331E674BA6002B0741 /* Registration2ViewController.swift */,
				975747B41EA2B8620040E6FB /* MainScreenViewController.swift */,
				9709067A1DF6B93400C68561 /* ClassListViewController.swift */,
				9709067C1DF6BAF500C68561 /* ClassTableViewCell.swift */,
				97D6B3D51DF7ECF10093479E /* ClassOptionsViewController.swift */,
				97D6B3D31DF7EC9C0093479E /* ClassOptionsTableViewCell.swift */,
				971CE55D1E431BBF00CB2324 /* HotspotInitialViewController.swift */,
				972FAD701EAB51C5001EA259 /* CreateHotspotViewController.swift */,
				971CE5611E499D2000CB2324 /* ActiveHotspotViewController.swift */,
				97A072E21E324FA900D91130 /* ImmediateTutorRequestViewController.swift */,
				97BC68A71E70182400AD012A /* HotspotDetailViewController.swift */,
				9714011C1DF52C130099A8DB /* ScheduleTutorViewController.swift */,
				9714011E1DF52DB20099A8DB /* ScheduleTutorConfirmViewController.swift */,
				971A55B81E4D1E3B009D8E38 /* StudentViewScheduleTableViewController.swift */,
				972BC6721E9702C4001FF9C6 /* MessageUsersListViewController.swift */,
				972BC6741E9702D1001FF9C6 /* MessageUsersListTableViewCell.swift */,
				972BC66C1E8ADE00001FF9C6 /* MessageWindowViewController.swift */,
				9784AC011E6814F200691377 /* ReportTutorListTableViewController.swift */,
				9784AC031E68152600691377 /* ReportTutorListTableViewCell.swift */,
				972BC6681E8A3BC9001FF9C6 /* ReportTutorSessionsTableViewController.swift */,
				972BC66A1E8A437E001FF9C6 /* ReportTutorFormViewController.swift */,
				972FAD721EAB595C001EA259 /* TutorClassListViewController.swift */,
				97D6B3D71DF801630093479E /* TutorServicesViewController.swift */,
				97D6B3D91DF80BDA0093479E /* TutorServicesTableViewCell.swift */,
				55C962211E96FC74001DF879 /* ListTutorViewController.swift */,
				97EEACC61DF8FDDC007F23B1 /* OfferTutorTableViewController.swift */,
				97EEACCC1DF902CD007F23B1 /* TutorViewScheduleTableViewController.swift */,
				97EEACCA1DF902B5007F23B1 /* TutorViewScheduleTableViewCell.swift */,
				97EEACCE1DF90825007F23B1 /* ConfirmedAppointmentTutorViewController.swift */,
				97EEACD01DF908DE007F23B1 /* UnconfirmedAppointmentTutorViewController.swift */,
				971CE55F1E496CD800CB2324 /* ActiveSessionViewController.swift */,
				975747B21EA2B7E80040E6FB /* CAPSPageMenu.swift */,
			);
			path = Tuber;
			sourceTree = "<group>";
		};
		971401001DF527D60099A8DB /* TuberTests */ = {
			isa = PBXGroup;
			children = (
				971401011DF527D60099A8DB /* TuberTests.swift */,
				971401031DF527D60099A8DB /* Info.plist */,
			);
			path = TuberTests;
			sourceTree = "<group>";
		};
		9714010B1DF527D60099A8DB /* TuberUITests */ = {
			isa = PBXGroup;
			children = (
				9714010C1DF527D60099A8DB /* TuberUITests.swift */,
				9714010E1DF527D60099A8DB /* Info.plist */,
			);
			path = TuberUITests;
			sourceTree = "<group>";
		};
		97B8E0081DF5632D001EEC79 /* Frameworks */ = {
			isa = PBXGroup;
			children = (
				8A74A08A0EFBA1D5ABDF30C2 /* Pods_Tuber.framework */,
				A38B90AC0E26E4C663BD3443 /* Pods_TuberTests.framework */,
				D98FA225CF12659D2BFD1C56 /* Pods_TuberUITests.framework */,
			);
			name = Frameworks;
			sourceTree = "<group>";
		};
/* End PBXGroup section */

/* Begin PBXNativeTarget section */
		971400E81DF527D60099A8DB /* Tuber */ = {
			isa = PBXNativeTarget;
			buildConfigurationList = 971401111DF527D60099A8DB /* Build configuration list for PBXNativeTarget "Tuber" */;
			buildPhases = (
				3E76BDEDC8E22DB3DDBDAFE6 /* [CP] Check Pods Manifest.lock */,
				971400E51DF527D60099A8DB /* Sources */,
				971400E61DF527D60099A8DB /* Frameworks */,
				971400E71DF527D60099A8DB /* Resources */,
				70513FE99E7D6C63A31AD330 /* [CP] Embed Pods Frameworks */,
				80A18CB1FE9BEADE5E170E55 /* [CP] Copy Pods Resources */,
			);
			buildRules = (
			);
			dependencies = (
			);
			name = Tuber;
			productName = Tuber;
			productReference = 971400E91DF527D60099A8DB /* Tuber.app */;
			productType = "com.apple.product-type.application";
		};
		971400FC1DF527D60099A8DB /* TuberTests */ = {
			isa = PBXNativeTarget;
			buildConfigurationList = 971401141DF527D60099A8DB /* Build configuration list for PBXNativeTarget "TuberTests" */;
			buildPhases = (
				67A33A65BA72B29484D9DD0C /* [CP] Check Pods Manifest.lock */,
				971400F91DF527D60099A8DB /* Sources */,
				971400FA1DF527D60099A8DB /* Frameworks */,
				971400FB1DF527D60099A8DB /* Resources */,
				8CF27B3294C54F71E79A9240 /* [CP] Embed Pods Frameworks */,
				EBED6E0F88BBA6B9B4125FEE /* [CP] Copy Pods Resources */,
			);
			buildRules = (
			);
			dependencies = (
				971400FF1DF527D60099A8DB /* PBXTargetDependency */,
			);
			name = TuberTests;
			productName = TuberTests;
			productReference = 971400FD1DF527D60099A8DB /* TuberTests.xctest */;
			productType = "com.apple.product-type.bundle.unit-test";
		};
		971401071DF527D60099A8DB /* TuberUITests */ = {
			isa = PBXNativeTarget;
			buildConfigurationList = 971401171DF527D60099A8DB /* Build configuration list for PBXNativeTarget "TuberUITests" */;
			buildPhases = (
				CD6C2A9A3D3A65F83DA368FD /* [CP] Check Pods Manifest.lock */,
				971401041DF527D60099A8DB /* Sources */,
				971401051DF527D60099A8DB /* Frameworks */,
				971401061DF527D60099A8DB /* Resources */,
				7C487A12481A3B178C5C579C /* [CP] Embed Pods Frameworks */,
				4D82697C505F6773839A2997 /* [CP] Copy Pods Resources */,
			);
			buildRules = (
			);
			dependencies = (
				9714010A1DF527D60099A8DB /* PBXTargetDependency */,
			);
			name = TuberUITests;
			productName = TuberUITests;
			productReference = 971401081DF527D60099A8DB /* TuberUITests.xctest */;
			productType = "com.apple.product-type.bundle.ui-testing";
		};
/* End PBXNativeTarget section */

/* Begin PBXProject section */
		971400E11DF527D60099A8DB /* Project object */ = {
			isa = PBXProject;
			attributes = {
				LastSwiftUpdateCheck = 0810;
				LastUpgradeCheck = 0820;
				ORGANIZATIONNAME = Tuber;
				TargetAttributes = {
					971400E81DF527D60099A8DB = {
						CreatedOnToolsVersion = 8.1;
						LastSwiftMigration = 0820;
						ProvisioningStyle = Automatic;
					};
					971400FC1DF527D60099A8DB = {
						CreatedOnToolsVersion = 8.1;
						LastSwiftMigration = 0820;
						ProvisioningStyle = Automatic;
						TestTargetID = 971400E81DF527D60099A8DB;
					};
					971401071DF527D60099A8DB = {
						CreatedOnToolsVersion = 8.1;
						LastSwiftMigration = 0820;
						ProvisioningStyle = Automatic;
						TestTargetID = 971400E81DF527D60099A8DB;
					};
				};
			};
			buildConfigurationList = 971400E41DF527D60099A8DB /* Build configuration list for PBXProject "Tuber" */;
			compatibilityVersion = "Xcode 3.2";
			developmentRegion = English;
			hasScannedForEncodings = 0;
			knownRegions = (
				en,
				Base,
			);
			mainGroup = 971400E01DF527D60099A8DB;
			productRefGroup = 971400EA1DF527D60099A8DB /* Products */;
			projectDirPath = "";
			projectRoot = "";
			targets = (
				971400E81DF527D60099A8DB /* Tuber */,
				971400FC1DF527D60099A8DB /* TuberTests */,
				971401071DF527D60099A8DB /* TuberUITests */,
			);
		};
/* End PBXProject section */

/* Begin PBXResourcesBuildPhase section */
		971400E71DF527D60099A8DB /* Resources */ = {
			isa = PBXResourcesBuildPhase;
			buildActionMask = 2147483647;
			files = (
				971400F71DF527D60099A8DB /* LaunchScreen.storyboard in Resources */,
				976DC37E1E6D6FF100F1ACE6 /* GoogleService-Info.plist in Resources */,
				971400F41DF527D60099A8DB /* Assets.xcassets in Resources */,
				971400F21DF527D60099A8DB /* Main.storyboard in Resources */,
			);
			runOnlyForDeploymentPostprocessing = 0;
		};
		971400FB1DF527D60099A8DB /* Resources */ = {
			isa = PBXResourcesBuildPhase;
			buildActionMask = 2147483647;
			files = (
			);
			runOnlyForDeploymentPostprocessing = 0;
		};
		971401061DF527D60099A8DB /* Resources */ = {
			isa = PBXResourcesBuildPhase;
			buildActionMask = 2147483647;
			files = (
			);
			runOnlyForDeploymentPostprocessing = 0;
		};
/* End PBXResourcesBuildPhase section */

/* Begin PBXShellScriptBuildPhase section */
		3E76BDEDC8E22DB3DDBDAFE6 /* [CP] Check Pods Manifest.lock */ = {
			isa = PBXShellScriptBuildPhase;
			buildActionMask = 2147483647;
			files = (
			);
			inputPaths = (
			);
			name = "[CP] Check Pods Manifest.lock";
			outputPaths = (
			);
			runOnlyForDeploymentPostprocessing = 0;
			shellPath = /bin/sh;
			shellScript = "diff \"${PODS_ROOT}/../Podfile.lock\" \"${PODS_ROOT}/Manifest.lock\" > /dev/null\nif [ $? != 0 ] ; then\n    # print error to STDERR\n    echo \"error: The sandbox is not in sync with the Podfile.lock. Run 'pod install' or update your CocoaPods installation.\" >&2\n    exit 1\nfi\n";
			showEnvVarsInLog = 0;
		};
		4D82697C505F6773839A2997 /* [CP] Copy Pods Resources */ = {
			isa = PBXShellScriptBuildPhase;
			buildActionMask = 2147483647;
			files = (
			);
			inputPaths = (
			);
			name = "[CP] Copy Pods Resources";
			outputPaths = (
			);
			runOnlyForDeploymentPostprocessing = 0;
			shellPath = /bin/sh;
			shellScript = "\"${SRCROOT}/Pods/Target Support Files/Pods-TuberUITests/Pods-TuberUITests-resources.sh\"\n";
			showEnvVarsInLog = 0;
		};
		67A33A65BA72B29484D9DD0C /* [CP] Check Pods Manifest.lock */ = {
			isa = PBXShellScriptBuildPhase;
			buildActionMask = 2147483647;
			files = (
			);
			inputPaths = (
			);
			name = "[CP] Check Pods Manifest.lock";
			outputPaths = (
			);
			runOnlyForDeploymentPostprocessing = 0;
			shellPath = /bin/sh;
			shellScript = "diff \"${PODS_ROOT}/../Podfile.lock\" \"${PODS_ROOT}/Manifest.lock\" > /dev/null\nif [ $? != 0 ] ; then\n    # print error to STDERR\n    echo \"error: The sandbox is not in sync with the Podfile.lock. Run 'pod install' or update your CocoaPods installation.\" >&2\n    exit 1\nfi\n";
			showEnvVarsInLog = 0;
		};
		70513FE99E7D6C63A31AD330 /* [CP] Embed Pods Frameworks */ = {
			isa = PBXShellScriptBuildPhase;
			buildActionMask = 2147483647;
			files = (
			);
			inputPaths = (
			);
			name = "[CP] Embed Pods Frameworks";
			outputPaths = (
			);
			runOnlyForDeploymentPostprocessing = 0;
			shellPath = /bin/sh;
			shellScript = "\"${SRCROOT}/Pods/Target Support Files/Pods-Tuber/Pods-Tuber-frameworks.sh\"\n";
			showEnvVarsInLog = 0;
		};
		7C487A12481A3B178C5C579C /* [CP] Embed Pods Frameworks */ = {
			isa = PBXShellScriptBuildPhase;
			buildActionMask = 2147483647;
			files = (
			);
			inputPaths = (
			);
			name = "[CP] Embed Pods Frameworks";
			outputPaths = (
			);
			runOnlyForDeploymentPostprocessing = 0;
			shellPath = /bin/sh;
			shellScript = "\"${SRCROOT}/Pods/Target Support Files/Pods-TuberUITests/Pods-TuberUITests-frameworks.sh\"\n";
			showEnvVarsInLog = 0;
		};
		80A18CB1FE9BEADE5E170E55 /* [CP] Copy Pods Resources */ = {
			isa = PBXShellScriptBuildPhase;
			buildActionMask = 2147483647;
			files = (
			);
			inputPaths = (
			);
			name = "[CP] Copy Pods Resources";
			outputPaths = (
			);
			runOnlyForDeploymentPostprocessing = 0;
			shellPath = /bin/sh;
			shellScript = "\"${SRCROOT}/Pods/Target Support Files/Pods-Tuber/Pods-Tuber-resources.sh\"\n";
			showEnvVarsInLog = 0;
		};
		8CF27B3294C54F71E79A9240 /* [CP] Embed Pods Frameworks */ = {
			isa = PBXShellScriptBuildPhase;
			buildActionMask = 2147483647;
			files = (
			);
			inputPaths = (
			);
			name = "[CP] Embed Pods Frameworks";
			outputPaths = (
			);
			runOnlyForDeploymentPostprocessing = 0;
			shellPath = /bin/sh;
			shellScript = "\"${SRCROOT}/Pods/Target Support Files/Pods-TuberTests/Pods-TuberTests-frameworks.sh\"\n";
			showEnvVarsInLog = 0;
		};
		CD6C2A9A3D3A65F83DA368FD /* [CP] Check Pods Manifest.lock */ = {
			isa = PBXShellScriptBuildPhase;
			buildActionMask = 2147483647;
			files = (
			);
			inputPaths = (
			);
			name = "[CP] Check Pods Manifest.lock";
			outputPaths = (
			);
			runOnlyForDeploymentPostprocessing = 0;
			shellPath = /bin/sh;
			shellScript = "diff \"${PODS_ROOT}/../Podfile.lock\" \"${PODS_ROOT}/Manifest.lock\" > /dev/null\nif [ $? != 0 ] ; then\n    # print error to STDERR\n    echo \"error: The sandbox is not in sync with the Podfile.lock. Run 'pod install' or update your CocoaPods installation.\" >&2\n    exit 1\nfi\n";
			showEnvVarsInLog = 0;
		};
		EBED6E0F88BBA6B9B4125FEE /* [CP] Copy Pods Resources */ = {
			isa = PBXShellScriptBuildPhase;
			buildActionMask = 2147483647;
			files = (
			);
			inputPaths = (
			);
			name = "[CP] Copy Pods Resources";
			outputPaths = (
			);
			runOnlyForDeploymentPostprocessing = 0;
			shellPath = /bin/sh;
			shellScript = "\"${SRCROOT}/Pods/Target Support Files/Pods-TuberTests/Pods-TuberTests-resources.sh\"\n";
			showEnvVarsInLog = 0;
		};
/* End PBXShellScriptBuildPhase section */

/* Begin PBXSourcesBuildPhase section */
		971400E51DF527D60099A8DB /* Sources */ = {
			isa = PBXSourcesBuildPhase;
			buildActionMask = 2147483647;
			files = (
				975747B31EA2B7E80040E6FB /* CAPSPageMenu.swift in Sources */,
				9784AC041E68152600691377 /* ReportTutorListTableViewCell.swift in Sources */,
				972BC6731E9702C4001FF9C6 /* MessageUsersListViewController.swift in Sources */,
				97BC68A81E70182400AD012A /* HotspotDetailViewController.swift in Sources */,
				972BC66D1E8ADE00001FF9C6 /* MessageWindowViewController.swift in Sources */,
				55C962221E96FC74001DF879 /* ListTutorViewController.swift in Sources */,
				97EEACD11DF908DE007F23B1 /* UnconfirmedAppointmentTutorViewController.swift in Sources */,
				9714011F1DF52DB20099A8DB /* ScheduleTutorConfirmViewController.swift in Sources */,
				9714011B1DF528490099A8DB /* LoginViewController.swift in Sources */,
				971400EF1DF527D60099A8DB /* ViewController.swift in Sources */,
				9709067B1DF6B93400C68561 /* ClassListViewController.swift in Sources */,
				972FAD731EAB595C001EA259 /* TutorClassListViewController.swift in Sources */,
				971CE5601E496CD800CB2324 /* ActiveSessionViewController.swift in Sources */,
				972FAD711EAB51C5001EA259 /* CreateHotspotViewController.swift in Sources */,
				9709067D1DF6BAF500C68561 /* ClassTableViewCell.swift in Sources */,
				97D6B3D81DF801630093479E /* TutorServicesViewController.swift in Sources */,
				971CE5621E499D2000CB2324 /* ActiveHotspotViewController.swift in Sources */,
				97EEACCD1DF902CD007F23B1 /* TutorViewScheduleTableViewController.swift in Sources */,
				97D6B3D61DF7ECF10093479E /* ClassOptionsViewController.swift in Sources */,
				97EEACCF1DF90825007F23B1 /* ConfirmedAppointmentTutorViewController.swift in Sources */,
				9714011D1DF52C130099A8DB /* ScheduleTutorViewController.swift in Sources */,
				972BC6691E8A3BC9001FF9C6 /* ReportTutorSessionsTableViewController.swift in Sources */,
				971400ED1DF527D60099A8DB /* AppDelegate.swift in Sources */,
				972BC6751E9702D1001FF9C6 /* MessageUsersListTableViewCell.swift in Sources */,
				9784AC021E6814F200691377 /* ReportTutorListTableViewController.swift in Sources */,
				557A02371E674BA6002B0741 /* RegistrationViewController.swift in Sources */,
				97A072E31E324FA900D91130 /* ImmediateTutorRequestViewController.swift in Sources */,
				971CE55E1E431BBF00CB2324 /* HotspotInitialViewController.swift in Sources */,
				97EEACC71DF8FDDC007F23B1 /* OfferTutorTableViewController.swift in Sources */,
				972BC66B1E8A437E001FF9C6 /* ReportTutorFormViewController.swift in Sources */,
				97EEACCB1DF902B5007F23B1 /* TutorViewScheduleTableViewCell.swift in Sources */,
				971A55B91E4D1E3B009D8E38 /* StudentViewScheduleTableViewController.swift in Sources */,
				975747B51EA2B8620040E6FB /* MainScreenViewController.swift in Sources */,
				97D6B3D41DF7EC9C0093479E /* ClassOptionsTableViewCell.swift in Sources */,
				557A02381E674BA6002B0741 /* ServerRequest.swift in Sources */,
				97D6B3DA1DF80BDA0093479E /* TutorServicesTableViewCell.swift in Sources */,
				557A02361E674BA6002B0741 /* Registration2ViewController.swift in Sources */,
			);
			runOnlyForDeploymentPostprocessing = 0;
		};
		971400F91DF527D60099A8DB /* Sources */ = {
			isa = PBXSourcesBuildPhase;
			buildActionMask = 2147483647;
			files = (
				971401021DF527D60099A8DB /* TuberTests.swift in Sources */,
			);
			runOnlyForDeploymentPostprocessing = 0;
		};
		971401041DF527D60099A8DB /* Sources */ = {
			isa = PBXSourcesBuildPhase;
			buildActionMask = 2147483647;
			files = (
				9714010D1DF527D60099A8DB /* TuberUITests.swift in Sources */,
			);
			runOnlyForDeploymentPostprocessing = 0;
		};
/* End PBXSourcesBuildPhase section */

/* Begin PBXTargetDependency section */
		971400FF1DF527D60099A8DB /* PBXTargetDependency */ = {
			isa = PBXTargetDependency;
			target = 971400E81DF527D60099A8DB /* Tuber */;
			targetProxy = 971400FE1DF527D60099A8DB /* PBXContainerItemProxy */;
		};
		9714010A1DF527D60099A8DB /* PBXTargetDependency */ = {
			isa = PBXTargetDependency;
			target = 971400E81DF527D60099A8DB /* Tuber */;
			targetProxy = 971401091DF527D60099A8DB /* PBXContainerItemProxy */;
		};
/* End PBXTargetDependency section */

/* Begin PBXVariantGroup section */
		971400F01DF527D60099A8DB /* Main.storyboard */ = {
			isa = PBXVariantGroup;
			children = (
				971400F11DF527D60099A8DB /* Base */,
			);
			name = Main.storyboard;
			sourceTree = "<group>";
		};
		971400F51DF527D60099A8DB /* LaunchScreen.storyboard */ = {
			isa = PBXVariantGroup;
			children = (
				971400F61DF527D60099A8DB /* Base */,
			);
			name = LaunchScreen.storyboard;
			sourceTree = "<group>";
		};
/* End PBXVariantGroup section */

/* Begin XCBuildConfiguration section */
		9714010F1DF527D60099A8DB /* Debug */ = {
			isa = XCBuildConfiguration;
			buildSettings = {
				ALWAYS_SEARCH_USER_PATHS = NO;
				CLANG_ANALYZER_NONNULL = YES;
				CLANG_CXX_LANGUAGE_STANDARD = "gnu++0x";
				CLANG_CXX_LIBRARY = "libc++";
				CLANG_ENABLE_MODULES = YES;
				CLANG_ENABLE_OBJC_ARC = YES;
				CLANG_WARN_BOOL_CONVERSION = YES;
				CLANG_WARN_CONSTANT_CONVERSION = YES;
				CLANG_WARN_DIRECT_OBJC_ISA_USAGE = YES_ERROR;
				CLANG_WARN_DOCUMENTATION_COMMENTS = YES;
				CLANG_WARN_EMPTY_BODY = YES;
				CLANG_WARN_ENUM_CONVERSION = YES;
				CLANG_WARN_INFINITE_RECURSION = YES;
				CLANG_WARN_INT_CONVERSION = YES;
				CLANG_WARN_OBJC_ROOT_CLASS = YES_ERROR;
				CLANG_WARN_SUSPICIOUS_MOVE = YES;
				CLANG_WARN_SUSPICIOUS_MOVES = YES;
				CLANG_WARN_UNREACHABLE_CODE = YES;
				CLANG_WARN__DUPLICATE_METHOD_MATCH = YES;
				"CODE_SIGN_IDENTITY[sdk=iphoneos*]" = "iPhone Developer";
				COPY_PHASE_STRIP = NO;
				DEBUG_INFORMATION_FORMAT = dwarf;
				ENABLE_STRICT_OBJC_MSGSEND = YES;
				ENABLE_TESTABILITY = YES;
				GCC_C_LANGUAGE_STANDARD = gnu99;
				GCC_DYNAMIC_NO_PIC = NO;
				GCC_NO_COMMON_BLOCKS = YES;
				GCC_OPTIMIZATION_LEVEL = 0;
				GCC_PREPROCESSOR_DEFINITIONS = (
					"DEBUG=1",
					"$(inherited)",
				);
				GCC_WARN_64_TO_32_BIT_CONVERSION = YES;
				GCC_WARN_ABOUT_RETURN_TYPE = YES_ERROR;
				GCC_WARN_UNDECLARED_SELECTOR = YES;
				GCC_WARN_UNINITIALIZED_AUTOS = YES_AGGRESSIVE;
				GCC_WARN_UNUSED_FUNCTION = YES;
				GCC_WARN_UNUSED_VARIABLE = YES;
				IPHONEOS_DEPLOYMENT_TARGET = 10.1;
				MTL_ENABLE_DEBUG_INFO = YES;
				ONLY_ACTIVE_ARCH = YES;
				SDKROOT = iphoneos;
				SWIFT_ACTIVE_COMPILATION_CONDITIONS = DEBUG;
				SWIFT_OPTIMIZATION_LEVEL = "-Onone";
			};
			name = Debug;
		};
		971401101DF527D60099A8DB /* Release */ = {
			isa = XCBuildConfiguration;
			buildSettings = {
				ALWAYS_SEARCH_USER_PATHS = NO;
				CLANG_ANALYZER_NONNULL = YES;
				CLANG_CXX_LANGUAGE_STANDARD = "gnu++0x";
				CLANG_CXX_LIBRARY = "libc++";
				CLANG_ENABLE_MODULES = YES;
				CLANG_ENABLE_OBJC_ARC = YES;
				CLANG_WARN_BOOL_CONVERSION = YES;
				CLANG_WARN_CONSTANT_CONVERSION = YES;
				CLANG_WARN_DIRECT_OBJC_ISA_USAGE = YES_ERROR;
				CLANG_WARN_DOCUMENTATION_COMMENTS = YES;
				CLANG_WARN_EMPTY_BODY = YES;
				CLANG_WARN_ENUM_CONVERSION = YES;
				CLANG_WARN_INFINITE_RECURSION = YES;
				CLANG_WARN_INT_CONVERSION = YES;
				CLANG_WARN_OBJC_ROOT_CLASS = YES_ERROR;
				CLANG_WARN_SUSPICIOUS_MOVE = YES;
				CLANG_WARN_SUSPICIOUS_MOVES = YES;
				CLANG_WARN_UNREACHABLE_CODE = YES;
				CLANG_WARN__DUPLICATE_METHOD_MATCH = YES;
				"CODE_SIGN_IDENTITY[sdk=iphoneos*]" = "iPhone Developer";
				COPY_PHASE_STRIP = NO;
				DEBUG_INFORMATION_FORMAT = "dwarf-with-dsym";
				ENABLE_NS_ASSERTIONS = NO;
				ENABLE_STRICT_OBJC_MSGSEND = YES;
				GCC_C_LANGUAGE_STANDARD = gnu99;
				GCC_NO_COMMON_BLOCKS = YES;
				GCC_WARN_64_TO_32_BIT_CONVERSION = YES;
				GCC_WARN_ABOUT_RETURN_TYPE = YES_ERROR;
				GCC_WARN_UNDECLARED_SELECTOR = YES;
				GCC_WARN_UNINITIALIZED_AUTOS = YES_AGGRESSIVE;
				GCC_WARN_UNUSED_FUNCTION = YES;
				GCC_WARN_UNUSED_VARIABLE = YES;
				IPHONEOS_DEPLOYMENT_TARGET = 10.1;
				MTL_ENABLE_DEBUG_INFO = NO;
				SDKROOT = iphoneos;
				SWIFT_OPTIMIZATION_LEVEL = "-Owholemodule";
				VALIDATE_PRODUCT = YES;
			};
			name = Release;
		};
		971401121DF527D60099A8DB /* Debug */ = {
			isa = XCBuildConfiguration;
			baseConfigurationReference = 0FE22EC60A51E47C07947B15 /* Pods-Tuber.debug.xcconfig */;
			buildSettings = {
				ASSETCATALOG_COMPILER_APPICON_NAME = AppIcon;
				ENABLE_BITCODE = YES;
				FRAMEWORK_SEARCH_PATHS = (
					"$(inherited)",
					"$(PROJECT_DIR)",
				);
				INFOPLIST_FILE = Tuber/Info.plist;
				IPHONEOS_DEPLOYMENT_TARGET = 8.0;
				LD_RUNPATH_SEARCH_PATHS = "$(inherited) @executable_path/Frameworks";
				PRODUCT_BUNDLE_IDENTIFIER = com.Tuber;
				PRODUCT_NAME = "$(TARGET_NAME)";
				STRIP_INSTALLED_PRODUCT = YES;
				SWIFT_VERSION = 3.0;
			};
			name = Debug;
		};
		971401131DF527D60099A8DB /* Release */ = {
			isa = XCBuildConfiguration;
			baseConfigurationReference = 15BD1D3BBE146A72696B3B8B /* Pods-Tuber.release.xcconfig */;
			buildSettings = {
				ASSETCATALOG_COMPILER_APPICON_NAME = AppIcon;
				ENABLE_BITCODE = YES;
				FRAMEWORK_SEARCH_PATHS = (
					"$(inherited)",
					"$(PROJECT_DIR)",
				);
				INFOPLIST_FILE = Tuber/Info.plist;
				IPHONEOS_DEPLOYMENT_TARGET = 8.0;
				LD_RUNPATH_SEARCH_PATHS = "$(inherited) @executable_path/Frameworks";
				PRODUCT_BUNDLE_IDENTIFIER = com.Tuber;
				PRODUCT_NAME = "$(TARGET_NAME)";
				STRIP_INSTALLED_PRODUCT = YES;
				SWIFT_VERSION = 3.0;
			};
			name = Release;
		};
		971401151DF527D60099A8DB /* Debug */ = {
			isa = XCBuildConfiguration;
			baseConfigurationReference = 2633882F1A6CFB02CB09FA79 /* Pods-TuberTests.debug.xcconfig */;
			buildSettings = {
				ALWAYS_EMBED_SWIFT_STANDARD_LIBRARIES = YES;
				BUNDLE_LOADER = "$(TEST_HOST)";
				INFOPLIST_FILE = TuberTests/Info.plist;
				LD_RUNPATH_SEARCH_PATHS = "$(inherited) @executable_path/Frameworks @loader_path/Frameworks";
				PRODUCT_BUNDLE_IDENTIFIER = com.TuberTests;
				PRODUCT_NAME = "$(TARGET_NAME)";
				SWIFT_VERSION = 3.0;
				TEST_HOST = "$(BUILT_PRODUCTS_DIR)/Tuber.app/Tuber";
			};
			name = Debug;
		};
		971401161DF527D60099A8DB /* Release */ = {
			isa = XCBuildConfiguration;
			baseConfigurationReference = F4BF1AD4A6D4158E61B1E2DD /* Pods-TuberTests.release.xcconfig */;
			buildSettings = {
				ALWAYS_EMBED_SWIFT_STANDARD_LIBRARIES = YES;
				BUNDLE_LOADER = "$(TEST_HOST)";
				INFOPLIST_FILE = TuberTests/Info.plist;
				LD_RUNPATH_SEARCH_PATHS = "$(inherited) @executable_path/Frameworks @loader_path/Frameworks";
				PRODUCT_BUNDLE_IDENTIFIER = com.TuberTests;
				PRODUCT_NAME = "$(TARGET_NAME)";
				SWIFT_VERSION = 3.0;
				TEST_HOST = "$(BUILT_PRODUCTS_DIR)/Tuber.app/Tuber";
			};
			name = Release;
		};
		971401181DF527D60099A8DB /* Debug */ = {
			isa = XCBuildConfiguration;
			baseConfigurationReference = E9823554DB09E810976BAC59 /* Pods-TuberUITests.debug.xcconfig */;
			buildSettings = {
				ALWAYS_EMBED_SWIFT_STANDARD_LIBRARIES = YES;
				INFOPLIST_FILE = TuberUITests/Info.plist;
				LD_RUNPATH_SEARCH_PATHS = "$(inherited) @executable_path/Frameworks @loader_path/Frameworks";
				PRODUCT_BUNDLE_IDENTIFIER = com.TuberUITests;
				PRODUCT_NAME = "$(TARGET_NAME)";
				SWIFT_VERSION = 3.0;
				TEST_TARGET_NAME = Tuber;
			};
			name = Debug;
		};
		971401191DF527D60099A8DB /* Release */ = {
			isa = XCBuildConfiguration;
			baseConfigurationReference = D9064E8B616EB0A131683CC8 /* Pods-TuberUITests.release.xcconfig */;
			buildSettings = {
				ALWAYS_EMBED_SWIFT_STANDARD_LIBRARIES = YES;
				INFOPLIST_FILE = TuberUITests/Info.plist;
				LD_RUNPATH_SEARCH_PATHS = "$(inherited) @executable_path/Frameworks @loader_path/Frameworks";
				PRODUCT_BUNDLE_IDENTIFIER = com.TuberUITests;
				PRODUCT_NAME = "$(TARGET_NAME)";
				SWIFT_VERSION = 3.0;
				TEST_TARGET_NAME = Tuber;
			};
			name = Release;
		};
/* End XCBuildConfiguration section */

/* Begin XCConfigurationList section */
		971400E41DF527D60099A8DB /* Build configuration list for PBXProject "Tuber" */ = {
			isa = XCConfigurationList;
			buildConfigurations = (
				9714010F1DF527D60099A8DB /* Debug */,
				971401101DF527D60099A8DB /* Release */,
			);
			defaultConfigurationIsVisible = 0;
			defaultConfigurationName = Release;
		};
		971401111DF527D60099A8DB /* Build configuration list for PBXNativeTarget "Tuber" */ = {
			isa = XCConfigurationList;
			buildConfigurations = (
				971401121DF527D60099A8DB /* Debug */,
				971401131DF527D60099A8DB /* Release */,
			);
			defaultConfigurationIsVisible = 0;
			defaultConfigurationName = Release;
		};
		971401141DF527D60099A8DB /* Build configuration list for PBXNativeTarget "TuberTests" */ = {
			isa = XCConfigurationList;
			buildConfigurations = (
				971401151DF527D60099A8DB /* Debug */,
				971401161DF527D60099A8DB /* Release */,
			);
			defaultConfigurationIsVisible = 0;
			defaultConfigurationName = Release;
		};
		971401171DF527D60099A8DB /* Build configuration list for PBXNativeTarget "TuberUITests" */ = {
			isa = XCConfigurationList;
			buildConfigurations = (
				971401181DF527D60099A8DB /* Debug */,
				971401191DF527D60099A8DB /* Release */,
			);
			defaultConfigurationIsVisible = 0;
			defaultConfigurationName = Release;
		};
/* End XCConfigurationList section */
	};
	rootObject = 971400E11DF527D60099A8DB /* Project object */;
}
